// !$*UTF8*$!
{
	archiveVersion = 1;
	classes = {
	};
	objectVersion = 50;
	objects = {

/* Begin PBXBuildFile section */
		ECA08DCA2302B6B400F00454 /* AppDelegate.swift in Sources */ = {isa = PBXBuildFile; fileRef = ECA08DC92302B6B400F00454 /* AppDelegate.swift */; };
		ECA08DCC2302B6B400F00454 /* ViewController.swift in Sources */ = {isa = PBXBuildFile; fileRef = ECA08DCB2302B6B400F00454 /* ViewController.swift */; };
		ECA08DCF2302B6B400F00454 /* Main.storyboard in Resources */ = {isa = PBXBuildFile; fileRef = ECA08DCD2302B6B400F00454 /* Main.storyboard */; };
		ECA08DD12302B6BC00F00454 /* Assets.xcassets in Resources */ = {isa = PBXBuildFile; fileRef = ECA08DD02302B6BC00F00454 /* Assets.xcassets */; };
		ECA08DD42302B6BC00F00454 /* LaunchScreen.storyboard in Resources */ = {isa = PBXBuildFile; fileRef = ECA08DD22302B6BC00F00454 /* LaunchScreen.storyboard */; };
		ECA08DDC2302B71900F00454 /* MyTableViewCell.swift in Sources */ = {isa = PBXBuildFile; fileRef = ECA08DDB2302B71900F00454 /* MyTableViewCell.swift */; };
		ECA08DDE2302D0A400F00454 /* DetailViewController.swift in Sources */ = {isa = PBXBuildFile; fileRef = ECA08DDD2302D0A400F00454 /* DetailViewController.swift */; };
/* End PBXBuildFile section */

/* Begin PBXFileReference section */
		ECA08DC62302B6B400F00454 /* CustomTableWithDataPassing.app */ = {isa = PBXFileReference; explicitFileType = wrapper.application; includeInIndex = 0; path = CustomTableWithDataPassing.app; sourceTree = BUILT_PRODUCTS_DIR; };
		ECA08DC92302B6B400F00454 /* AppDelegate.swift */ = {isa = PBXFileReference; lastKnownFileType = sourcecode.swift; path = AppDelegate.swift; sourceTree = "<group>"; };
		ECA08DCB2302B6B400F00454 /* ViewController.swift */ = {isa = PBXFileReference; lastKnownFileType = sourcecode.swift; path = ViewController.swift; sourceTree = "<group>"; };
		ECA08DCE2302B6B400F00454 /* Base */ = {isa = PBXFileReference; lastKnownFileType = file.storyboard; name = Base; path = Base.lproj/Main.storyboard; sourceTree = "<group>"; };
		ECA08DD02302B6BC00F00454 /* Assets.xcassets */ = {isa = PBXFileReference; lastKnownFileType = folder.assetcatalog; path = Assets.xcassets; sourceTree = "<group>"; };
		ECA08DD32302B6BC00F00454 /* Base */ = {isa = PBXFileReference; lastKnownFileType = file.storyboard; name = Base; path = Base.lproj/LaunchScreen.storyboard; sourceTree = "<group>"; };
		ECA08DD52302B6BC00F00454 /* Info.plist */ = {isa = PBXFileReference; lastKnownFileType = text.plist.xml; path = Info.plist; sourceTree = "<group>"; };
		ECA08DDB2302B71900F00454 /* MyTableViewCell.swift */ = {isa = PBXFileReference; lastKnownFileType = sourcecode.swift; path = MyTableViewCell.swift; sourceTree = "<group>"; };
		ECA08DDD2302D0A400F00454 /* DetailViewController.swift */ = {isa = PBXFileReference; lastKnownFileType = sourcecode.swift; path = DetailViewController.swift; sourceTree = "<group>"; };
/* End PBXFileReference section */

/* Begin PBXFrameworksBuildPhase section */
		ECA08DC32302B6B400F00454 /* Frameworks */ = {
			isa = PBXFrameworksBuildPhase;
			buildActionMask = 2147483647;
			files = (
			);
			runOnlyForDeploymentPostprocessing = 0;
		};
/* End PBXFrameworksBuildPhase section */

/* Begin PBXGroup section */
		ECA08DBD2302B6B400F00454 = {
			isa = PBXGroup;
			children = (
				ECA08DC82302B6B400F00454 /* CustomTableWithDataPassing */,
				ECA08DC72302B6B400F00454 /* Products */,
			);
			sourceTree = "<group>";
		};
		ECA08DC72302B6B400F00454 /* Products */ = {
			isa = PBXGroup;
			children = (
				ECA08DC62302B6B400F00454 /* CustomTableWithDataPassing.app */,
			);
			name = Products;
			sourceTree = "<group>";
		};
		ECA08DC82302B6B400F00454 /* CustomTableWithDataPassing */ = {
			isa = PBXGroup;
			children = (
				ECA08DC92302B6B400F00454 /* AppDelegate.swift */,
				ECA08DCB2302B6B400F00454 /* ViewController.swift */,
				ECA08DCD2302B6B400F00454 /* Main.storyboard */,
				ECA08DDD2302D0A400F00454 /* DetailViewController.swift */,
				ECA08DDB2302B71900F00454 /* MyTableViewCell.swift */,
				ECA08DD02302B6BC00F00454 /* Assets.xcassets */,
				ECA08DD22302B6BC00F00454 /* LaunchScreen.storyboard */,
				ECA08DD52302B6BC00F00454 /* Info.plist */,
			);
			path = CustomTableWithDataPassing;
			sourceTree = "<group>";
		};
/* End PBXGroup section */

/* Begin PBXNativeTarget section */
		ECA08DC52302B6B400F00454 /* CustomTableWithDataPassing */ = {
			isa = PBXNativeTarget;
			buildConfigurationList = ECA08DD82302B6BC00F00454 /* Build configuration list for PBXNativeTarget "CustomTableWithDataPassing" */;
			buildPhases = (
				ECA08DC22302B6B400F00454 /* Sources */,
				ECA08DC32302B6B400F00454 /* Frameworks */,
				ECA08DC42302B6B400F00454 /* Resources */,
			);
			buildRules = (
			);
			dependencies = (
			);
			name = CustomTableWithDataPassing;
			productName = CustomTableWithDataPassing;
			productReference = ECA08DC62302B6B400F00454 /* CustomTableWithDataPassing.app */;
			productType = "com.apple.product-type.application";
		};
/* End PBXNativeTarget section */

/* Begin PBXProject section */
		ECA08DBE2302B6B400F00454 /* Project object */ = {
			isa = PBXProject;
			attributes = {
				LastSwiftUpdateCheck = 1020;
				LastUpgradeCheck = 1020;
				ORGANIZATIONNAME = trainee;
				TargetAttributes = {
					ECA08DC52302B6B400F00454 = {
						CreatedOnToolsVersion = 10.2;
					};
				};
			};
			buildConfigurationList = ECA08DC12302B6B400F00454 /* Build configuration list for PBXProject "CustomTableWithDataPassing" */;
			compatibilityVersion = "Xcode 9.3";
			developmentRegion = en;
			hasScannedForEncodings = 0;
			knownRegions = (
				en,
				Base,
			);
			mainGroup = ECA08DBD2302B6B400F00454;
			productRefGroup = ECA08DC72302B6B400F00454 /* Products */;
			projectDirPath = "";
			projectRoot = "";
			targets = (
				ECA08DC52302B6B400F00454 /* CustomTableWithDataPassing */,
			);
		};
/* End PBXProject section */

/* Begin PBXResourcesBuildPhase section */
		ECA08DC42302B6B400F00454 /* Resources */ = {
			isa = PBXResourcesBuildPhase;
			buildActionMask = 2147483647;
			files = (
				ECA08DD42302B6BC00F00454 /* LaunchScreen.storyboard in Resources */,
				ECA08DD12302B6BC00F00454 /* Assets.xcassets in Resources */,
				ECA08DCF2302B6B400F00454 /* Main.storyboard in Resources */,
			);
			runOnlyForDeploymentPostprocessing = 0;
		};
/* End PBXResourcesBuildPhase section */

/* Begin PBXSourcesBuildPhase section */
		ECA08DC22302B6B400F00454 /* Sources */ = {
			isa = PBXSourcesBuildPhase;
			buildActionMask = 2147483647;
			files = (
				ECA08DCC2302B6B400F00454 /* ViewController.swift in Sources */,
				ECA08DCA2302B6B400F00454 /* AppDelegate.swift in Sources */,
				ECA08DDC2302B71900F00454 /* MyTableViewCell.swift in Sources */,
				ECA08DDE2302D0A400F00454 /* DetailViewController.swift in Sources */,
			);
			runOnlyForDeploymentPostprocessing = 0;
		};
/* End PBXSourcesBuildPhase section */

/* Begin PBXVariantGroup section */
		ECA08DCD2302B6B400F00454 /* Main.storyboard */ = {
			isa = PBXVariantGroup;
			children = (
				ECA08DCE2302B6B400F00454 /* Base */,
			);
			name = Main.storyboard;
			sourceTree = "<group>";
		};
		ECA08DD22302B6BC00F00454 /* LaunchScreen.storyboard */ = {
			isa = PBXVariantGroup;
			children = (
				ECA08DD32302B6BC00F00454 /* Base */,
			);
			name = LaunchScreen.storyboard;
			sourceTree = "<group>";
		};
/* End PBXVariantGroup section */

/* Begin XCBuildConfiguration section */
		ECA08DD62302B6BC00F00454 /* Debug */ = {
			isa = XCBuildConfiguration;
			buildSettings = {
				ALWAYS_SEARCH_USER_PATHS = NO;
				CLANG_ANALYZER_NONNULL = YES;
				CLANG_ANALYZER_NUMBER_OBJECT_CONVERSION = YES_AGGRESSIVE;
				CLANG_CXX_LANGUAGE_STANDARD = "gnu++14";
				CLANG_CXX_LIBRARY = "libc++";
				CLANG_ENABLE_MODULES = YES;
				CLANG_ENABLE_OBJC_ARC = YES;
				CLANG_ENABLE_OBJC_WEAK = YES;
				CLANG_WARN_BLOCK_CAPTURE_AUTORELEASING = YES;
				CLANG_WARN_BOOL_CONVERSION = YES;
				CLANG_WARN_COMMA = YES;
				CLANG_WARN_CONSTANT_CONVERSION = YES;
				CLANG_WARN_DEPRECATED_OBJC_IMPLEMENTATIONS = YES;
				CLANG_WARN_DIRECT_OBJC_ISA_USAGE = YES_ERROR;
				CLANG_WARN_DOCUMENTATION_COMMENTS = YES;
				CLANG_WARN_EMPTY_BODY = YES;
				CLANG_WARN_ENUM_CONVERSION = YES;
				CLANG_WARN_INFINITE_RECURSION = YES;
				CLANG_WARN_INT_CONVERSION = YES;
				CLANG_WARN_NON_LITERAL_NULL_CONVERSION = YES;
				CLANG_WARN_OBJC_IMPLICIT_RETAIN_SELF = YES;
				CLANG_WARN_OBJC_LITERAL_CONVERSION = YES;
				CLANG_WARN_OBJC_ROOT_CLASS = YES_ERROR;
				CLANG_WARN_RANGE_LOOP_ANALYSIS = YES;
				CLANG_WARN_STRICT_PROTOTYPES = YES;
				CLANG_WARN_SUSPICIOUS_MOVE = YES;
				CLANG_WARN_UNGUARDED_AVAILABILITY = YES_AGGRESSIVE;
				CLANG_WARN_UNREACHABLE_CODE = YES;
				CLANG_WARN__DUPLICATE_METHOD_MATCH = YES;
				CODE_SIGN_IDENTITY = "iPhone Developer";
				COPY_PHASE_STRIP = NO;
				DEBUG_INFORMATION_FORMAT = dwarf;
				ENABLE_STRICT_OBJC_MSGSEND = YES;
				ENABLE_TESTABILITY = YES;
				GCC_C_LANGUAGE_STANDARD = gnu11;
				GCC_DYNAMIC_NO_PIC = NO;
				GCC_NO_COMMON_BLOCKS = YES;
				GCC_OPTIMIZATION_LEVEL = 0;
				GCC_PREPROCESSOR_DEFINITIONS = (
					"DEBUG=1",
					"$(inherited)",
				);
				GCC_WARN_64_TO_32_BIT_CONVERSION = YES;
				GCC_WARN_ABOUT_RETURN_TYPE = YES_ERROR;
				GCC_WARN_UNDECLARED_SELECTOR = YES;
				GCC_WARN_UNINITIALIZED_AUTOS = YES_AGGRESSIVE;
				GCC_WARN_UNUSED_FUNCTION = YES;
				GCC_WARN_UNUSED_VARIABLE = YES;
				IPHONEOS_DEPLOYMENT_TARGET = 12.2;
				MTL_ENABLE_DEBUG_INFO = INCLUDE_SOURCE;
				MTL_FAST_MATH = YES;
				ONLY_ACTIVE_ARCH = YES;
				SDKROOT = iphoneos;
				SWIFT_ACTIVE_COMPILATION_CONDITIONS = DEBUG;
				SWIFT_OPTIMIZATION_LEVEL = "-Onone";
			};
			name = Debug;
		};
		ECA08DD72302B6BC00F00454 /* Release */ = {
			isa = XCBuildConfiguration;
			buildSettings = {
				ALWAYS_SEARCH_USER_PATHS = NO;
				CLANG_ANALYZER_NONNULL = YES;
				CLANG_ANALYZER_NUMBER_OBJECT_CONVERSION = YES_AGGRESSIVE;
				CLANG_CXX_LANGUAGE_STANDARD = "gnu++14";
				CLANG_CXX_LIBRARY = "libc++";
				CLANG_ENABLE_MODULES = YES;
				CLANG_ENABLE_OBJC_ARC = YES;
				CLANG_ENABLE_OBJC_WEAK = YES;
				CLANG_WARN_BLOCK_CAPTURE_AUTORELEASING = YES;
				CLANG_WARN_BOOL_CONVERSION = YES;
				CLANG_WARN_COMMA = YES;
				CLANG_WARN_CONSTANT_CONVERSION = YES;
				CLANG_WARN_DEPRECATED_OBJC_IMPLEMENTATIONS = YES;
				CLANG_WARN_DIRECT_OBJC_ISA_USAGE = YES_ERROR;
				CLANG_WARN_DOCUMENTATION_COMMENTS = YES;
				CLANG_WARN_EMPTY_BODY = YES;
				CLANG_WARN_ENUM_CONVERSION = YES;
				CLANG_WARN_INFINITE_RECURSION = YES;
				CLANG_WARN_INT_CONVERSION = YES;
				CLANG_WARN_NON_LITERAL_NULL_CONVERSION = YES;
				CLANG_WARN_OBJC_IMPLICIT_RETAIN_SELF = YES;
				CLANG_WARN_OBJC_LITERAL_CONVERSION = YES;
				CLANG_WARN_OBJC_ROOT_CLASS = YES_ERROR;
				CLANG_WARN_RANGE_LOOP_ANALYSIS = YES;
				CLANG_WARN_STRICT_PROTOTYPES = YES;
				CLANG_WARN_SUSPICIOUS_MOVE = YES;
				CLANG_WARN_UNGUARDED_AVAILABILITY = YES_AGGRESSIVE;
				CLANG_WARN_UNREACHABLE_CODE = YES;
				CLANG_WARN__DUPLICATE_METHOD_MATCH = YES;
				CODE_SIGN_IDENTITY = "iPhone Developer";
				COPY_PHASE_STRIP = NO;
				DEBUG_INFORMATION_FORMAT = "dwarf-with-dsym";
				ENABLE_NS_ASSERTIONS = NO;
				ENABLE_STRICT_OBJC_MSGSEND = YES;
				GCC_C_LANGUAGE_STANDARD = gnu11;
				GCC_NO_COMMON_BLOCKS = YES;
				GCC_WARN_64_TO_32_BIT_CONVERSION = YES;
				GCC_WARN_ABOUT_RETURN_TYPE = YES_ERROR;
				GCC_WARN_UNDECLARED_SELECTOR = YES;
				GCC_WARN_UNINITIALIZED_AUTOS = YES_AGGRESSIVE;
				GCC_WARN_UNUSED_FUNCTION = YES;
				GCC_WARN_UNUSED_VARIABLE = YES;
				IPHONEOS_DEPLOYMENT_TARGET = 12.2;
				MTL_ENABLE_DEBUG_INFO = NO;
				MTL_FAST_MATH = YES;
				SDKROOT = iphoneos;
				SWIFT_COMPILATION_MODE = wholemodule;
				SWIFT_OPTIMIZATION_LEVEL = "-O";
				VALIDATE_PRODUCT = YES;
			};
			name = Release;
		};
		ECA08DD92302B6BC00F00454 /* Debug */ = {
			isa = XCBuildConfiguration;
			buildSettings = {
				ASSETCATALOG_COMPILER_APPICON_NAME = AppIcon;
				CODE_SIGN_STYLE = Automatic;
				INFOPLIST_FILE = CustomTableWithDataPassing/Info.plist;
				LD_RUNPATH_SEARCH_PATHS = (
					"$(inherited)",
					"@executable_path/Frameworks",
				);
				PRODUCT_BUNDLE_IDENTIFIER = testApp.CustomTableWithDataPassing;
				PRODUCT_NAME = "$(TARGET_NAME)";
				SWIFT_VERSION = 5.0;
				TARGETED_DEVICE_FAMILY = "1,2";
			};
			name = Debug;
		};
		ECA08DDA2302B6BC00F00454 /* Release */ = {
			isa = XCBuildConfiguration;
			buildSettings = {
				ASSETCATALOG_COMPILER_APPICON_NAME = AppIcon;
				CODE_SIGN_STYLE = Automatic;
				INFOPLIST_FILE = CustomTableWithDataPassing/Info.plist;
				LD_RUNPATH_SEARCH_PATHS = (
					"$(inherited)",
					"@executable_path/Frameworks",
				);
				PRODUCT_BUNDLE_IDENTIFIER = testApp.CustomTableWithDataPassing;
				PRODUCT_NAME = "$(TARGET_NAME)";
				SWIFT_VERSION = 5.0;
				TARGETED_DEVICE_FAMILY = "1,2";
			};
			name = Release;
		};
/* End XCBuildConfiguration section */

/* Begin XCConfigurationList section */
		ECA08DC12302B6B400F00454 /* Build configuration list for PBXProject "CustomTableWithDataPassing" */ = {
			isa = XCConfigurationList;
			buildConfigurations = (
				ECA08DD62302B6BC00F00454 /* Debug */,
				ECA08DD72302B6BC00F00454 /* Release */,
			);
			defaultConfigurationIsVisible = 0;
			defaultConfigurationName = Release;
		};
		ECA08DD82302B6BC00F00454 /* Build configuration list for PBXNativeTarget "CustomTableWithDataPassing" */ = {
			isa = XCConfigurationList;
			buildConfigurations = (
				ECA08DD92302B6BC00F00454 /* Debug */,
				ECA08DDA2302B6BC00F00454 /* Release */,
			);
			defaultConfigurationIsVisible = 0;
			defaultConfigurationName = Release;
		};
/* End XCConfigurationList section */
	};
	rootObject = ECA08DBE2302B6B400F00454 /* Project object */;
}
