// !$*UTF8*$!
{
	archiveVersion = 1;
	classes = {
	};
	objectVersion = 50;
	objects = {

/* Begin PBXBuildFile section */
		EC12DD902318EF940061C7A2 /* AppDelegate.swift in Sources */ = {isa = PBXBuildFile; fileRef = EC12DD8F2318EF940061C7A2 /* AppDelegate.swift */; };
		EC12DD922318EF940061C7A2 /* ViewController.swift in Sources */ = {isa = PBXBuildFile; fileRef = EC12DD912318EF940061C7A2 /* ViewController.swift */; };
		EC12DD952318EF940061C7A2 /* Main.storyboard in Resources */ = {isa = PBXBuildFile; fileRef = EC12DD932318EF940061C7A2 /* Main.storyboard */; };
		EC12DD972318EF9D0061C7A2 /* Assets.xcassets in Resources */ = {isa = PBXBuildFile; fileRef = EC12DD962318EF9D0061C7A2 /* Assets.xcassets */; };
		EC12DD9A2318EF9D0061C7A2 /* LaunchScreen.storyboard in Resources */ = {isa = PBXBuildFile; fileRef = EC12DD982318EF9D0061C7A2 /* LaunchScreen.storyboard */; };
		EC12DDA22318F0980061C7A2 /* CollectionViewCell.swift in Sources */ = {isa = PBXBuildFile; fileRef = EC12DDA12318F0980061C7A2 /* CollectionViewCell.swift */; };
		EC12DDA42318F0EA0061C7A2 /* TableViewCell.swift in Sources */ = {isa = PBXBuildFile; fileRef = EC12DDA32318F0EA0061C7A2 /* TableViewCell.swift */; };
/* End PBXBuildFile section */

/* Begin PBXFileReference section */
		EC12DD8C2318EF940061C7A2 /* MultipleCollectionViewInOneTableView.app */ = {isa = PBXFileReference; explicitFileType = wrapper.application; includeInIndex = 0; path = MultipleCollectionViewInOneTableView.app; sourceTree = BUILT_PRODUCTS_DIR; };
		EC12DD8F2318EF940061C7A2 /* AppDelegate.swift */ = {isa = PBXFileReference; lastKnownFileType = sourcecode.swift; path = AppDelegate.swift; sourceTree = "<group>"; };
		EC12DD912318EF940061C7A2 /* ViewController.swift */ = {isa = PBXFileReference; lastKnownFileType = sourcecode.swift; path = ViewController.swift; sourceTree = "<group>"; };
		EC12DD942318EF940061C7A2 /* Base */ = {isa = PBXFileReference; lastKnownFileType = file.storyboard; name = Base; path = Base.lproj/Main.storyboard; sourceTree = "<group>"; };
		EC12DD962318EF9D0061C7A2 /* Assets.xcassets */ = {isa = PBXFileReference; lastKnownFileType = folder.assetcatalog; path = Assets.xcassets; sourceTree = "<group>"; };
		EC12DD992318EF9D0061C7A2 /* Base */ = {isa = PBXFileReference; lastKnownFileType = file.storyboard; name = Base; path = Base.lproj/LaunchScreen.storyboard; sourceTree = "<group>"; };
		EC12DD9B2318EF9D0061C7A2 /* Info.plist */ = {isa = PBXFileReference; lastKnownFileType = text.plist.xml; path = Info.plist; sourceTree = "<group>"; };
		EC12DDA12318F0980061C7A2 /* CollectionViewCell.swift */ = {isa = PBXFileReference; lastKnownFileType = sourcecode.swift; path = CollectionViewCell.swift; sourceTree = "<group>"; };
		EC12DDA32318F0EA0061C7A2 /* TableViewCell.swift */ = {isa = PBXFileReference; lastKnownFileType = sourcecode.swift; path = TableViewCell.swift; sourceTree = "<group>"; };
/* End PBXFileReference section */

/* Begin PBXFrameworksBuildPhase section */
		EC12DD892318EF940061C7A2 /* Frameworks */ = {
			isa = PBXFrameworksBuildPhase;
			buildActionMask = 2147483647;
			files = (
			);
			runOnlyForDeploymentPostprocessing = 0;
		};
/* End PBXFrameworksBuildPhase section */

/* Begin PBXGroup section */
		EC12DD832318EF940061C7A2 = {
			isa = PBXGroup;
			children = (
				EC12DD8E2318EF940061C7A2 /* MultipleCollectionViewInOneTableView */,
				EC12DD8D2318EF940061C7A2 /* Products */,
			);
			sourceTree = "<group>";
		};
		EC12DD8D2318EF940061C7A2 /* Products */ = {
			isa = PBXGroup;
			children = (
				EC12DD8C2318EF940061C7A2 /* MultipleCollectionViewInOneTableView.app */,
			);
			name = Products;
			sourceTree = "<group>";
		};
		EC12DD8E2318EF940061C7A2 /* MultipleCollectionViewInOneTableView */ = {
			isa = PBXGroup;
			children = (
				EC12DD8F2318EF940061C7A2 /* AppDelegate.swift */,
				EC12DD912318EF940061C7A2 /* ViewController.swift */,
				EC12DD932318EF940061C7A2 /* Main.storyboard */,
				EC12DDA32318F0EA0061C7A2 /* TableViewCell.swift */,
				EC12DDA12318F0980061C7A2 /* CollectionViewCell.swift */,
				EC12DD962318EF9D0061C7A2 /* Assets.xcassets */,
				EC12DD982318EF9D0061C7A2 /* LaunchScreen.storyboard */,
				EC12DD9B2318EF9D0061C7A2 /* Info.plist */,
			);
			path = MultipleCollectionViewInOneTableView;
			sourceTree = "<group>";
		};
/* End PBXGroup section */

/* Begin PBXNativeTarget section */
		EC12DD8B2318EF940061C7A2 /* MultipleCollectionViewInOneTableView */ = {
			isa = PBXNativeTarget;
			buildConfigurationList = EC12DD9E2318EF9D0061C7A2 /* Build configuration list for PBXNativeTarget "MultipleCollectionViewInOneTableView" */;
			buildPhases = (
				EC12DD882318EF940061C7A2 /* Sources */,
				EC12DD892318EF940061C7A2 /* Frameworks */,
				EC12DD8A2318EF940061C7A2 /* Resources */,
			);
			buildRules = (
			);
			dependencies = (
			);
			name = MultipleCollectionViewInOneTableView;
			productName = MultipleCollectionViewInOneTableView;
			productReference = EC12DD8C2318EF940061C7A2 /* MultipleCollectionViewInOneTableView.app */;
			productType = "com.apple.product-type.application";
		};
/* End PBXNativeTarget section */

/* Begin PBXProject section */
		EC12DD842318EF940061C7A2 /* Project object */ = {
			isa = PBXProject;
			attributes = {
				LastSwiftUpdateCheck = 1020;
				LastUpgradeCheck = 1020;
				ORGANIZATIONNAME = trainee;
				TargetAttributes = {
					EC12DD8B2318EF940061C7A2 = {
						CreatedOnToolsVersion = 10.2;
					};
				};
			};
			buildConfigurationList = EC12DD872318EF940061C7A2 /* Build configuration list for PBXProject "MultipleCollectionViewInOneTableView" */;
			compatibilityVersion = "Xcode 9.3";
			developmentRegion = en;
			hasScannedForEncodings = 0;
			knownRegions = (
				en,
				Base,
			);
			mainGroup = EC12DD832318EF940061C7A2;
			productRefGroup = EC12DD8D2318EF940061C7A2 /* Products */;
			projectDirPath = "";
			projectRoot = "";
			targets = (
				EC12DD8B2318EF940061C7A2 /* MultipleCollectionViewInOneTableView */,
			);
		};
/* End PBXProject section */

/* Begin PBXResourcesBuildPhase section */
		EC12DD8A2318EF940061C7A2 /* Resources */ = {
			isa = PBXResourcesBuildPhase;
			buildActionMask = 2147483647;
			files = (
				EC12DD9A2318EF9D0061C7A2 /* LaunchScreen.storyboard in Resources */,
				EC12DD972318EF9D0061C7A2 /* Assets.xcassets in Resources */,
				EC12DD952318EF940061C7A2 /* Main.storyboard in Resources */,
			);
			runOnlyForDeploymentPostprocessing = 0;
		};
/* End PBXResourcesBuildPhase section */

/* Begin PBXSourcesBuildPhase section */
		EC12DD882318EF940061C7A2 /* Sources */ = {
			isa = PBXSourcesBuildPhase;
			buildActionMask = 2147483647;
			files = (
				EC12DD922318EF940061C7A2 /* ViewController.swift in Sources */,
				EC12DDA42318F0EA0061C7A2 /* TableViewCell.swift in Sources */,
				EC12DD902318EF940061C7A2 /* AppDelegate.swift in Sources */,
				EC12DDA22318F0980061C7A2 /* CollectionViewCell.swift in Sources */,
			);
			runOnlyForDeploymentPostprocessing = 0;
		};
/* End PBXSourcesBuildPhase section */

/* Begin PBXVariantGroup section */
		EC12DD932318EF940061C7A2 /* Main.storyboard */ = {
			isa = PBXVariantGroup;
			children = (
				EC12DD942318EF940061C7A2 /* Base */,
			);
			name = Main.storyboard;
			sourceTree = "<group>";
		};
		EC12DD982318EF9D0061C7A2 /* LaunchScreen.storyboard */ = {
			isa = PBXVariantGroup;
			children = (
				EC12DD992318EF9D0061C7A2 /* Base */,
			);
			name = LaunchScreen.storyboard;
			sourceTree = "<group>";
		};
/* End PBXVariantGroup section */

/* Begin XCBuildConfiguration section */
		EC12DD9C2318EF9D0061C7A2 /* Debug */ = {
			isa = XCBuildConfiguration;
			buildSettings = {
				ALWAYS_SEARCH_USER_PATHS = NO;
				CLANG_ANALYZER_NONNULL = YES;
				CLANG_ANALYZER_NUMBER_OBJECT_CONVERSION = YES_AGGRESSIVE;
				CLANG_CXX_LANGUAGE_STANDARD = "gnu++14";
				CLANG_CXX_LIBRARY = "libc++";
				CLANG_ENABLE_MODULES = YES;
				CLANG_ENABLE_OBJC_ARC = YES;
				CLANG_ENABLE_OBJC_WEAK = YES;
				CLANG_WARN_BLOCK_CAPTURE_AUTORELEASING = YES;
				CLANG_WARN_BOOL_CONVERSION = YES;
				CLANG_WARN_COMMA = YES;
				CLANG_WARN_CONSTANT_CONVERSION = YES;
				CLANG_WARN_DEPRECATED_OBJC_IMPLEMENTATIONS = YES;
				CLANG_WARN_DIRECT_OBJC_ISA_USAGE = YES_ERROR;
				CLANG_WARN_DOCUMENTATION_COMMENTS = YES;
				CLANG_WARN_EMPTY_BODY = YES;
				CLANG_WARN_ENUM_CONVERSION = YES;
				CLANG_WARN_INFINITE_RECURSION = YES;
				CLANG_WARN_INT_CONVERSION = YES;
				CLANG_WARN_NON_LITERAL_NULL_CONVERSION = YES;
				CLANG_WARN_OBJC_IMPLICIT_RETAIN_SELF = YES;
				CLANG_WARN_OBJC_LITERAL_CONVERSION = YES;
				CLANG_WARN_OBJC_ROOT_CLASS = YES_ERROR;
				CLANG_WARN_RANGE_LOOP_ANALYSIS = YES;
				CLANG_WARN_STRICT_PROTOTYPES = YES;
				CLANG_WARN_SUSPICIOUS_MOVE = YES;
				CLANG_WARN_UNGUARDED_AVAILABILITY = YES_AGGRESSIVE;
				CLANG_WARN_UNREACHABLE_CODE = YES;
				CLANG_WARN__DUPLICATE_METHOD_MATCH = YES;
				CODE_SIGN_IDENTITY = "iPhone Developer";
				COPY_PHASE_STRIP = NO;
				DEBUG_INFORMATION_FORMAT = dwarf;
				ENABLE_STRICT_OBJC_MSGSEND = YES;
				ENABLE_TESTABILITY = YES;
				GCC_C_LANGUAGE_STANDARD = gnu11;
				GCC_DYNAMIC_NO_PIC = NO;
				GCC_NO_COMMON_BLOCKS = YES;
				GCC_OPTIMIZATION_LEVEL = 0;
				GCC_PREPROCESSOR_DEFINITIONS = (
					"DEBUG=1",
					"$(inherited)",
				);
				GCC_WARN_64_TO_32_BIT_CONVERSION = YES;
				GCC_WARN_ABOUT_RETURN_TYPE = YES_ERROR;
				GCC_WARN_UNDECLARED_SELECTOR = YES;
				GCC_WARN_UNINITIALIZED_AUTOS = YES_AGGRESSIVE;
				GCC_WARN_UNUSED_FUNCTION = YES;
				GCC_WARN_UNUSED_VARIABLE = YES;
				IPHONEOS_DEPLOYMENT_TARGET = 12.2;
				MTL_ENABLE_DEBUG_INFO = INCLUDE_SOURCE;
				MTL_FAST_MATH = YES;
				ONLY_ACTIVE_ARCH = YES;
				SDKROOT = iphoneos;
				SWIFT_ACTIVE_COMPILATION_CONDITIONS = DEBUG;
				SWIFT_OPTIMIZATION_LEVEL = "-Onone";
			};
			name = Debug;
		};
		EC12DD9D2318EF9D0061C7A2 /* Release */ = {
			isa = XCBuildConfiguration;
			buildSettings = {
				ALWAYS_SEARCH_USER_PATHS = NO;
				CLANG_ANALYZER_NONNULL = YES;
				CLANG_ANALYZER_NUMBER_OBJECT_CONVERSION = YES_AGGRESSIVE;
				CLANG_CXX_LANGUAGE_STANDARD = "gnu++14";
				CLANG_CXX_LIBRARY = "libc++";
				CLANG_ENABLE_MODULES = YES;
				CLANG_ENABLE_OBJC_ARC = YES;
				CLANG_ENABLE_OBJC_WEAK = YES;
				CLANG_WARN_BLOCK_CAPTURE_AUTORELEASING = YES;
				CLANG_WARN_BOOL_CONVERSION = YES;
				CLANG_WARN_COMMA = YES;
				CLANG_WARN_CONSTANT_CONVERSION = YES;
				CLANG_WARN_DEPRECATED_OBJC_IMPLEMENTATIONS = YES;
				CLANG_WARN_DIRECT_OBJC_ISA_USAGE = YES_ERROR;
				CLANG_WARN_DOCUMENTATION_COMMENTS = YES;
				CLANG_WARN_EMPTY_BODY = YES;
				CLANG_WARN_ENUM_CONVERSION = YES;
				CLANG_WARN_INFINITE_RECURSION = YES;
				CLANG_WARN_INT_CONVERSION = YES;
				CLANG_WARN_NON_LITERAL_NULL_CONVERSION = YES;
				CLANG_WARN_OBJC_IMPLICIT_RETAIN_SELF = YES;
				CLANG_WARN_OBJC_LITERAL_CONVERSION = YES;
				CLANG_WARN_OBJC_ROOT_CLASS = YES_ERROR;
				CLANG_WARN_RANGE_LOOP_ANALYSIS = YES;
				CLANG_WARN_STRICT_PROTOTYPES = YES;
				CLANG_WARN_SUSPICIOUS_MOVE = YES;
				CLANG_WARN_UNGUARDED_AVAILABILITY = YES_AGGRESSIVE;
				CLANG_WARN_UNREACHABLE_CODE = YES;
				CLANG_WARN__DUPLICATE_METHOD_MATCH = YES;
				CODE_SIGN_IDENTITY = "iPhone Developer";
				COPY_PHASE_STRIP = NO;
				DEBUG_INFORMATION_FORMAT = "dwarf-with-dsym";
				ENABLE_NS_ASSERTIONS = NO;
				ENABLE_STRICT_OBJC_MSGSEND = YES;
				GCC_C_LANGUAGE_STANDARD = gnu11;
				GCC_NO_COMMON_BLOCKS = YES;
				GCC_WARN_64_TO_32_BIT_CONVERSION = YES;
				GCC_WARN_ABOUT_RETURN_TYPE = YES_ERROR;
				GCC_WARN_UNDECLARED_SELECTOR = YES;
				GCC_WARN_UNINITIALIZED_AUTOS = YES_AGGRESSIVE;
				GCC_WARN_UNUSED_FUNCTION = YES;
				GCC_WARN_UNUSED_VARIABLE = YES;
				IPHONEOS_DEPLOYMENT_TARGET = 12.2;
				MTL_ENABLE_DEBUG_INFO = NO;
				MTL_FAST_MATH = YES;
				SDKROOT = iphoneos;
				SWIFT_COMPILATION_MODE = wholemodule;
				SWIFT_OPTIMIZATION_LEVEL = "-O";
				VALIDATE_PRODUCT = YES;
			};
			name = Release;
		};
		EC12DD9F2318EF9D0061C7A2 /* Debug */ = {
			isa = XCBuildConfiguration;
			buildSettings = {
				ASSETCATALOG_COMPILER_APPICON_NAME = AppIcon;
				CODE_SIGN_STYLE = Automatic;
				INFOPLIST_FILE = MultipleCollectionViewInOneTableView/Info.plist;
				LD_RUNPATH_SEARCH_PATHS = (
					"$(inherited)",
					"@executable_path/Frameworks",
				);
				PRODUCT_BUNDLE_IDENTIFIER = testApp.MultipleCollectionViewInOneTableView;
				PRODUCT_NAME = "$(TARGET_NAME)";
				SWIFT_VERSION = 5.0;
				TARGETED_DEVICE_FAMILY = "1,2";
			};
			name = Debug;
		};
		EC12DDA02318EF9D0061C7A2 /* Release */ = {
			isa = XCBuildConfiguration;
			buildSettings = {
				ASSETCATALOG_COMPILER_APPICON_NAME = AppIcon;
				CODE_SIGN_STYLE = Automatic;
				INFOPLIST_FILE = MultipleCollectionViewInOneTableView/Info.plist;
				LD_RUNPATH_SEARCH_PATHS = (
					"$(inherited)",
					"@executable_path/Frameworks",
				);
				PRODUCT_BUNDLE_IDENTIFIER = testApp.MultipleCollectionViewInOneTableView;
				PRODUCT_NAME = "$(TARGET_NAME)";
				SWIFT_VERSION = 5.0;
				TARGETED_DEVICE_FAMILY = "1,2";
			};
			name = Release;
		};
/* End XCBuildConfiguration section */

/* Begin XCConfigurationList section */
		EC12DD872318EF940061C7A2 /* Build configuration list for PBXProject "MultipleCollectionViewInOneTableView" */ = {
			isa = XCConfigurationList;
			buildConfigurations = (
				EC12DD9C2318EF9D0061C7A2 /* Debug */,
				EC12DD9D2318EF9D0061C7A2 /* Release */,
			);
			defaultConfigurationIsVisible = 0;
			defaultConfigurationName = Release;
		};
		EC12DD9E2318EF9D0061C7A2 /* Build configuration list for PBXNativeTarget "MultipleCollectionViewInOneTableView" */ = {
			isa = XCConfigurationList;
			buildConfigurations = (
				EC12DD9F2318EF9D0061C7A2 /* Debug */,
				EC12DDA02318EF9D0061C7A2 /* Release */,
			);
			defaultConfigurationIsVisible = 0;
			defaultConfigurationName = Release;
		};
/* End XCConfigurationList section */
	};
	rootObject = EC12DD842318EF940061C7A2 /* Project object */;
}
