// !$*UTF8*$!
{
	archiveVersion = 1;
	classes = {
	};
	objectVersion = 50;
	objects = {

/* Begin PBXBuildFile section */
		ECB8D0F9231F759B009795FA /* ExpandedTableViewCell.swift in Sources */ = {isa = PBXBuildFile; fileRef = ECB8D0F8231F759B009795FA /* ExpandedTableViewCell.swift */; };
		ECB8D0FB231F8674009795FA /* SectionData.swift in Sources */ = {isa = PBXBuildFile; fileRef = ECB8D0FA231F8674009795FA /* SectionData.swift */; };
		ECCF4497231E4A6300199CC3 /* AppDelegate.swift in Sources */ = {isa = PBXBuildFile; fileRef = ECCF4496231E4A6300199CC3 /* AppDelegate.swift */; };
		ECCF4499231E4A6300199CC3 /* ViewController.swift in Sources */ = {isa = PBXBuildFile; fileRef = ECCF4498231E4A6300199CC3 /* ViewController.swift */; };
		ECCF449C231E4A6300199CC3 /* Main.storyboard in Resources */ = {isa = PBXBuildFile; fileRef = ECCF449A231E4A6300199CC3 /* Main.storyboard */; };
		ECCF449E231E4A6500199CC3 /* Assets.xcassets in Resources */ = {isa = PBXBuildFile; fileRef = ECCF449D231E4A6500199CC3 /* Assets.xcassets */; };
		ECCF44A1231E4A6500199CC3 /* LaunchScreen.storyboard in Resources */ = {isa = PBXBuildFile; fileRef = ECCF449F231E4A6500199CC3 /* LaunchScreen.storyboard */; };
/* End PBXBuildFile section */

/* Begin PBXFileReference section */
		ECB8D0F8231F759B009795FA /* ExpandedTableViewCell.swift */ = {isa = PBXFileReference; lastKnownFileType = sourcecode.swift; path = ExpandedTableViewCell.swift; sourceTree = "<group>"; };
		ECB8D0FA231F8674009795FA /* SectionData.swift */ = {isa = PBXFileReference; lastKnownFileType = sourcecode.swift; path = SectionData.swift; sourceTree = "<group>"; };
		ECCF4493231E4A6300199CC3 /* TableAppWithSectionAndRow.app */ = {isa = PBXFileReference; explicitFileType = wrapper.application; includeInIndex = 0; path = TableAppWithSectionAndRow.app; sourceTree = BUILT_PRODUCTS_DIR; };
		ECCF4496231E4A6300199CC3 /* AppDelegate.swift */ = {isa = PBXFileReference; lastKnownFileType = sourcecode.swift; path = AppDelegate.swift; sourceTree = "<group>"; };
		ECCF4498231E4A6300199CC3 /* ViewController.swift */ = {isa = PBXFileReference; lastKnownFileType = sourcecode.swift; path = ViewController.swift; sourceTree = "<group>"; };
		ECCF449B231E4A6300199CC3 /* Base */ = {isa = PBXFileReference; lastKnownFileType = file.storyboard; name = Base; path = Base.lproj/Main.storyboard; sourceTree = "<group>"; };
		ECCF449D231E4A6500199CC3 /* Assets.xcassets */ = {isa = PBXFileReference; lastKnownFileType = folder.assetcatalog; path = Assets.xcassets; sourceTree = "<group>"; };
		ECCF44A0231E4A6500199CC3 /* Base */ = {isa = PBXFileReference; lastKnownFileType = file.storyboard; name = Base; path = Base.lproj/LaunchScreen.storyboard; sourceTree = "<group>"; };
		ECCF44A2231E4A6500199CC3 /* Info.plist */ = {isa = PBXFileReference; lastKnownFileType = text.plist.xml; path = Info.plist; sourceTree = "<group>"; };
/* End PBXFileReference section */

/* Begin PBXFrameworksBuildPhase section */
		ECCF4490231E4A6300199CC3 /* Frameworks */ = {
			isa = PBXFrameworksBuildPhase;
			buildActionMask = 2147483647;
			files = (
			);
			runOnlyForDeploymentPostprocessing = 0;
		};
/* End PBXFrameworksBuildPhase section */

/* Begin PBXGroup section */
		ECCF448A231E4A6300199CC3 = {
			isa = PBXGroup;
			children = (
				ECCF4495231E4A6300199CC3 /* TableAppWithSectionAndRow */,
				ECCF4494231E4A6300199CC3 /* Products */,
			);
			sourceTree = "<group>";
		};
		ECCF4494231E4A6300199CC3 /* Products */ = {
			isa = PBXGroup;
			children = (
				ECCF4493231E4A6300199CC3 /* TableAppWithSectionAndRow.app */,
			);
			name = Products;
			sourceTree = "<group>";
		};
		ECCF4495231E4A6300199CC3 /* TableAppWithSectionAndRow */ = {
			isa = PBXGroup;
			children = (
				ECCF4496231E4A6300199CC3 /* AppDelegate.swift */,
				ECCF4498231E4A6300199CC3 /* ViewController.swift */,
				ECB8D0FA231F8674009795FA /* SectionData.swift */,
				ECCF449A231E4A6300199CC3 /* Main.storyboard */,
				ECB8D0F8231F759B009795FA /* ExpandedTableViewCell.swift */,
				ECCF449D231E4A6500199CC3 /* Assets.xcassets */,
				ECCF449F231E4A6500199CC3 /* LaunchScreen.storyboard */,
				ECCF44A2231E4A6500199CC3 /* Info.plist */,
			);
			path = TableAppWithSectionAndRow;
			sourceTree = "<group>";
		};
/* End PBXGroup section */

/* Begin PBXNativeTarget section */
		ECCF4492231E4A6300199CC3 /* TableAppWithSectionAndRow */ = {
			isa = PBXNativeTarget;
			buildConfigurationList = ECCF44A5231E4A6500199CC3 /* Build configuration list for PBXNativeTarget "TableAppWithSectionAndRow" */;
			buildPhases = (
				ECCF448F231E4A6300199CC3 /* Sources */,
				ECCF4490231E4A6300199CC3 /* Frameworks */,
				ECCF4491231E4A6300199CC3 /* Resources */,
			);
			buildRules = (
			);
			dependencies = (
			);
			name = TableAppWithSectionAndRow;
			productName = TableAppWithSectionAndRow;
			productReference = ECCF4493231E4A6300199CC3 /* TableAppWithSectionAndRow.app */;
			productType = "com.apple.product-type.application";
		};
/* End PBXNativeTarget section */

/* Begin PBXProject section */
		ECCF448B231E4A6300199CC3 /* Project object */ = {
			isa = PBXProject;
			attributes = {
				LastSwiftUpdateCheck = 1020;
				LastUpgradeCheck = 1020;
				ORGANIZATIONNAME = trainee;
				TargetAttributes = {
					ECCF4492231E4A6300199CC3 = {
						CreatedOnToolsVersion = 10.2;
					};
				};
			};
			buildConfigurationList = ECCF448E231E4A6300199CC3 /* Build configuration list for PBXProject "TableAppWithSectionAndRow" */;
			compatibilityVersion = "Xcode 9.3";
			developmentRegion = en;
			hasScannedForEncodings = 0;
			knownRegions = (
				en,
				Base,
			);
			mainGroup = ECCF448A231E4A6300199CC3;
			productRefGroup = ECCF4494231E4A6300199CC3 /* Products */;
			projectDirPath = "";
			projectRoot = "";
			targets = (
				ECCF4492231E4A6300199CC3 /* TableAppWithSectionAndRow */,
			);
		};
/* End PBXProject section */

/* Begin PBXResourcesBuildPhase section */
		ECCF4491231E4A6300199CC3 /* Resources */ = {
			isa = PBXResourcesBuildPhase;
			buildActionMask = 2147483647;
			files = (
				ECCF44A1231E4A6500199CC3 /* LaunchScreen.storyboard in Resources */,
				ECCF449E231E4A6500199CC3 /* Assets.xcassets in Resources */,
				ECCF449C231E4A6300199CC3 /* Main.storyboard in Resources */,
			);
			runOnlyForDeploymentPostprocessing = 0;
		};
/* End PBXResourcesBuildPhase section */

/* Begin PBXSourcesBuildPhase section */
		ECCF448F231E4A6300199CC3 /* Sources */ = {
			isa = PBXSourcesBuildPhase;
			buildActionMask = 2147483647;
			files = (
				ECCF4499231E4A6300199CC3 /* ViewController.swift in Sources */,
				ECB8D0F9231F759B009795FA /* ExpandedTableViewCell.swift in Sources */,
				ECCF4497231E4A6300199CC3 /* AppDelegate.swift in Sources */,
				ECB8D0FB231F8674009795FA /* SectionData.swift in Sources */,
			);
			runOnlyForDeploymentPostprocessing = 0;
		};
/* End PBXSourcesBuildPhase section */

/* Begin PBXVariantGroup section */
		ECCF449A231E4A6300199CC3 /* Main.storyboard */ = {
			isa = PBXVariantGroup;
			children = (
				ECCF449B231E4A6300199CC3 /* Base */,
			);
			name = Main.storyboard;
			sourceTree = "<group>";
		};
		ECCF449F231E4A6500199CC3 /* LaunchScreen.storyboard */ = {
			isa = PBXVariantGroup;
			children = (
				ECCF44A0231E4A6500199CC3 /* Base */,
			);
			name = LaunchScreen.storyboard;
			sourceTree = "<group>";
		};
/* End PBXVariantGroup section */

/* Begin XCBuildConfiguration section */
		ECCF44A3231E4A6500199CC3 /* Debug */ = {
			isa = XCBuildConfiguration;
			buildSettings = {
				ALWAYS_SEARCH_USER_PATHS = NO;
				CLANG_ANALYZER_NONNULL = YES;
				CLANG_ANALYZER_NUMBER_OBJECT_CONVERSION = YES_AGGRESSIVE;
				CLANG_CXX_LANGUAGE_STANDARD = "gnu++14";
				CLANG_CXX_LIBRARY = "libc++";
				CLANG_ENABLE_MODULES = YES;
				CLANG_ENABLE_OBJC_ARC = YES;
				CLANG_ENABLE_OBJC_WEAK = YES;
				CLANG_WARN_BLOCK_CAPTURE_AUTORELEASING = YES;
				CLANG_WARN_BOOL_CONVERSION = YES;
				CLANG_WARN_COMMA = YES;
				CLANG_WARN_CONSTANT_CONVERSION = YES;
				CLANG_WARN_DEPRECATED_OBJC_IMPLEMENTATIONS = YES;
				CLANG_WARN_DIRECT_OBJC_ISA_USAGE = YES_ERROR;
				CLANG_WARN_DOCUMENTATION_COMMENTS = YES;
				CLANG_WARN_EMPTY_BODY = YES;
				CLANG_WARN_ENUM_CONVERSION = YES;
				CLANG_WARN_INFINITE_RECURSION = YES;
				CLANG_WARN_INT_CONVERSION = YES;
				CLANG_WARN_NON_LITERAL_NULL_CONVERSION = YES;
				CLANG_WARN_OBJC_IMPLICIT_RETAIN_SELF = YES;
				CLANG_WARN_OBJC_LITERAL_CONVERSION = YES;
				CLANG_WARN_OBJC_ROOT_CLASS = YES_ERROR;
				CLANG_WARN_RANGE_LOOP_ANALYSIS = YES;
				CLANG_WARN_STRICT_PROTOTYPES = YES;
				CLANG_WARN_SUSPICIOUS_MOVE = YES;
				CLANG_WARN_UNGUARDED_AVAILABILITY = YES_AGGRESSIVE;
				CLANG_WARN_UNREACHABLE_CODE = YES;
				CLANG_WARN__DUPLICATE_METHOD_MATCH = YES;
				CODE_SIGN_IDENTITY = "iPhone Developer";
				COPY_PHASE_STRIP = NO;
				DEBUG_INFORMATION_FORMAT = dwarf;
				ENABLE_STRICT_OBJC_MSGSEND = YES;
				ENABLE_TESTABILITY = YES;
				GCC_C_LANGUAGE_STANDARD = gnu11;
				GCC_DYNAMIC_NO_PIC = NO;
				GCC_NO_COMMON_BLOCKS = YES;
				GCC_OPTIMIZATION_LEVEL = 0;
				GCC_PREPROCESSOR_DEFINITIONS = (
					"DEBUG=1",
					"$(inherited)",
				);
				GCC_WARN_64_TO_32_BIT_CONVERSION = YES;
				GCC_WARN_ABOUT_RETURN_TYPE = YES_ERROR;
				GCC_WARN_UNDECLARED_SELECTOR = YES;
				GCC_WARN_UNINITIALIZED_AUTOS = YES_AGGRESSIVE;
				GCC_WARN_UNUSED_FUNCTION = YES;
				GCC_WARN_UNUSED_VARIABLE = YES;
				IPHONEOS_DEPLOYMENT_TARGET = 12.2;
				MTL_ENABLE_DEBUG_INFO = INCLUDE_SOURCE;
				MTL_FAST_MATH = YES;
				ONLY_ACTIVE_ARCH = YES;
				SDKROOT = iphoneos;
				SWIFT_ACTIVE_COMPILATION_CONDITIONS = DEBUG;
				SWIFT_OPTIMIZATION_LEVEL = "-Onone";
			};
			name = Debug;
		};
		ECCF44A4231E4A6500199CC3 /* Release */ = {
			isa = XCBuildConfiguration;
			buildSettings = {
				ALWAYS_SEARCH_USER_PATHS = NO;
				CLANG_ANALYZER_NONNULL = YES;
				CLANG_ANALYZER_NUMBER_OBJECT_CONVERSION = YES_AGGRESSIVE;
				CLANG_CXX_LANGUAGE_STANDARD = "gnu++14";
				CLANG_CXX_LIBRARY = "libc++";
				CLANG_ENABLE_MODULES = YES;
				CLANG_ENABLE_OBJC_ARC = YES;
				CLANG_ENABLE_OBJC_WEAK = YES;
				CLANG_WARN_BLOCK_CAPTURE_AUTORELEASING = YES;
				CLANG_WARN_BOOL_CONVERSION = YES;
				CLANG_WARN_COMMA = YES;
				CLANG_WARN_CONSTANT_CONVERSION = YES;
				CLANG_WARN_DEPRECATED_OBJC_IMPLEMENTATIONS = YES;
				CLANG_WARN_DIRECT_OBJC_ISA_USAGE = YES_ERROR;
				CLANG_WARN_DOCUMENTATION_COMMENTS = YES;
				CLANG_WARN_EMPTY_BODY = YES;
				CLANG_WARN_ENUM_CONVERSION = YES;
				CLANG_WARN_INFINITE_RECURSION = YES;
				CLANG_WARN_INT_CONVERSION = YES;
				CLANG_WARN_NON_LITERAL_NULL_CONVERSION = YES;
				CLANG_WARN_OBJC_IMPLICIT_RETAIN_SELF = YES;
				CLANG_WARN_OBJC_LITERAL_CONVERSION = YES;
				CLANG_WARN_OBJC_ROOT_CLASS = YES_ERROR;
				CLANG_WARN_RANGE_LOOP_ANALYSIS = YES;
				CLANG_WARN_STRICT_PROTOTYPES = YES;
				CLANG_WARN_SUSPICIOUS_MOVE = YES;
				CLANG_WARN_UNGUARDED_AVAILABILITY = YES_AGGRESSIVE;
				CLANG_WARN_UNREACHABLE_CODE = YES;
				CLANG_WARN__DUPLICATE_METHOD_MATCH = YES;
				CODE_SIGN_IDENTITY = "iPhone Developer";
				COPY_PHASE_STRIP = NO;
				DEBUG_INFORMATION_FORMAT = "dwarf-with-dsym";
				ENABLE_NS_ASSERTIONS = NO;
				ENABLE_STRICT_OBJC_MSGSEND = YES;
				GCC_C_LANGUAGE_STANDARD = gnu11;
				GCC_NO_COMMON_BLOCKS = YES;
				GCC_WARN_64_TO_32_BIT_CONVERSION = YES;
				GCC_WARN_ABOUT_RETURN_TYPE = YES_ERROR;
				GCC_WARN_UNDECLARED_SELECTOR = YES;
				GCC_WARN_UNINITIALIZED_AUTOS = YES_AGGRESSIVE;
				GCC_WARN_UNUSED_FUNCTION = YES;
				GCC_WARN_UNUSED_VARIABLE = YES;
				IPHONEOS_DEPLOYMENT_TARGET = 12.2;
				MTL_ENABLE_DEBUG_INFO = NO;
				MTL_FAST_MATH = YES;
				SDKROOT = iphoneos;
				SWIFT_COMPILATION_MODE = wholemodule;
				SWIFT_OPTIMIZATION_LEVEL = "-O";
				VALIDATE_PRODUCT = YES;
			};
			name = Release;
		};
		ECCF44A6231E4A6500199CC3 /* Debug */ = {
			isa = XCBuildConfiguration;
			buildSettings = {
				ASSETCATALOG_COMPILER_APPICON_NAME = AppIcon;
				CODE_SIGN_STYLE = Automatic;
				INFOPLIST_FILE = TableAppWithSectionAndRow/Info.plist;
				LD_RUNPATH_SEARCH_PATHS = (
					"$(inherited)",
					"@executable_path/Frameworks",
				);
				PRODUCT_BUNDLE_IDENTIFIER = testApp.TableAppWithSectionAndRow;
				PRODUCT_NAME = "$(TARGET_NAME)";
				SWIFT_VERSION = 5.0;
				TARGETED_DEVICE_FAMILY = "1,2";
			};
			name = Debug;
		};
		ECCF44A7231E4A6500199CC3 /* Release */ = {
			isa = XCBuildConfiguration;
			buildSettings = {
				ASSETCATALOG_COMPILER_APPICON_NAME = AppIcon;
				CODE_SIGN_STYLE = Automatic;
				INFOPLIST_FILE = TableAppWithSectionAndRow/Info.plist;
				LD_RUNPATH_SEARCH_PATHS = (
					"$(inherited)",
					"@executable_path/Frameworks",
				);
				PRODUCT_BUNDLE_IDENTIFIER = testApp.TableAppWithSectionAndRow;
				PRODUCT_NAME = "$(TARGET_NAME)";
				SWIFT_VERSION = 5.0;
				TARGETED_DEVICE_FAMILY = "1,2";
			};
			name = Release;
		};
/* End XCBuildConfiguration section */

/* Begin XCConfigurationList section */
		ECCF448E231E4A6300199CC3 /* Build configuration list for PBXProject "TableAppWithSectionAndRow" */ = {
			isa = XCConfigurationList;
			buildConfigurations = (
				ECCF44A3231E4A6500199CC3 /* Debug */,
				ECCF44A4231E4A6500199CC3 /* Release */,
			);
			defaultConfigurationIsVisible = 0;
			defaultConfigurationName = Release;
		};
		ECCF44A5231E4A6500199CC3 /* Build configuration list for PBXNativeTarget "TableAppWithSectionAndRow" */ = {
			isa = XCConfigurationList;
			buildConfigurations = (
				ECCF44A6231E4A6500199CC3 /* Debug */,
				ECCF44A7231E4A6500199CC3 /* Release */,
			);
			defaultConfigurationIsVisible = 0;
			defaultConfigurationName = Release;
		};
/* End XCConfigurationList section */
	};
	rootObject = ECCF448B231E4A6300199CC3 /* Project object */;
}
