// !$*UTF8*$!
{
	archiveVersion = 1;
	classes = {
	};
	objectVersion = 51;
	objects = {

/* Begin PBXBuildFile section */
		939DF34F693DE27F2DC0E2C4 /* Pods_FitnessApp.framework in Frameworks */ = {isa = PBXBuildFile; fileRef = 225764E3E16F88B9EE001B3D /* Pods_FitnessApp.framework */; };
		EC86EC9E22EB00CD00EDBCD2 /* AppDelegate.swift in Sources */ = {isa = PBXBuildFile; fileRef = EC86EC9D22EB00CD00EDBCD2 /* AppDelegate.swift */; };
		EC86ECA022EB00CD00EDBCD2 /* ViewController.swift in Sources */ = {isa = PBXBuildFile; fileRef = EC86EC9F22EB00CD00EDBCD2 /* ViewController.swift */; };
		EC86ECA322EB00CD00EDBCD2 /* Main.storyboard in Resources */ = {isa = PBXBuildFile; fileRef = EC86ECA122EB00CD00EDBCD2 /* Main.storyboard */; };
		EC86ECA522EB00D000EDBCD2 /* Assets.xcassets in Resources */ = {isa = PBXBuildFile; fileRef = EC86ECA422EB00D000EDBCD2 /* Assets.xcassets */; };
		EC86ECA822EB00D000EDBCD2 /* LaunchScreen.storyboard in Resources */ = {isa = PBXBuildFile; fileRef = EC86ECA622EB00D000EDBCD2 /* LaunchScreen.storyboard */; };
		EC86ECB022EB32EC00EDBCD2 /* AlamofirTableViewCell.swift in Sources */ = {isa = PBXBuildFile; fileRef = EC86ECAF22EB32EC00EDBCD2 /* AlamofirTableViewCell.swift */; };
/* End PBXBuildFile section */

/* Begin PBXFileReference section */
		225764E3E16F88B9EE001B3D /* Pods_FitnessApp.framework */ = {isa = PBXFileReference; explicitFileType = wrapper.framework; includeInIndex = 0; path = Pods_FitnessApp.framework; sourceTree = BUILT_PRODUCTS_DIR; };
		64B01547D21CB1E877461685 /* Pods-FitnessApp.release.xcconfig */ = {isa = PBXFileReference; includeInIndex = 1; lastKnownFileType = text.xcconfig; name = "Pods-FitnessApp.release.xcconfig"; path = "Target Support Files/Pods-FitnessApp/Pods-FitnessApp.release.xcconfig"; sourceTree = "<group>"; };
		D11B54786D54BA0E6397FFF6 /* Pods-FitnessApp.debug.xcconfig */ = {isa = PBXFileReference; includeInIndex = 1; lastKnownFileType = text.xcconfig; name = "Pods-FitnessApp.debug.xcconfig"; path = "Target Support Files/Pods-FitnessApp/Pods-FitnessApp.debug.xcconfig"; sourceTree = "<group>"; };
		EC86EC9A22EB00CD00EDBCD2 /* FitnessApp.app */ = {isa = PBXFileReference; explicitFileType = wrapper.application; includeInIndex = 0; path = FitnessApp.app; sourceTree = BUILT_PRODUCTS_DIR; };
		EC86EC9D22EB00CD00EDBCD2 /* AppDelegate.swift */ = {isa = PBXFileReference; lastKnownFileType = sourcecode.swift; path = AppDelegate.swift; sourceTree = "<group>"; };
		EC86EC9F22EB00CD00EDBCD2 /* ViewController.swift */ = {isa = PBXFileReference; lastKnownFileType = sourcecode.swift; path = ViewController.swift; sourceTree = "<group>"; };
		EC86ECA222EB00CD00EDBCD2 /* Base */ = {isa = PBXFileReference; lastKnownFileType = file.storyboard; name = Base; path = Base.lproj/Main.storyboard; sourceTree = "<group>"; };
		EC86ECA422EB00D000EDBCD2 /* Assets.xcassets */ = {isa = PBXFileReference; lastKnownFileType = folder.assetcatalog; path = Assets.xcassets; sourceTree = "<group>"; };
		EC86ECA722EB00D000EDBCD2 /* Base */ = {isa = PBXFileReference; lastKnownFileType = file.storyboard; name = Base; path = Base.lproj/LaunchScreen.storyboard; sourceTree = "<group>"; };
		EC86ECA922EB00D000EDBCD2 /* Info.plist */ = {isa = PBXFileReference; lastKnownFileType = text.plist.xml; path = Info.plist; sourceTree = "<group>"; };
		EC86ECAF22EB32EC00EDBCD2 /* AlamofirTableViewCell.swift */ = {isa = PBXFileReference; lastKnownFileType = sourcecode.swift; path = AlamofirTableViewCell.swift; sourceTree = "<group>"; };
/* End PBXFileReference section */

/* Begin PBXFrameworksBuildPhase section */
		EC86EC9722EB00CD00EDBCD2 /* Frameworks */ = {
			isa = PBXFrameworksBuildPhase;
			buildActionMask = 2147483647;
			files = (
				939DF34F693DE27F2DC0E2C4 /* Pods_FitnessApp.framework in Frameworks */,
			);
			runOnlyForDeploymentPostprocessing = 0;
		};
/* End PBXFrameworksBuildPhase section */

/* Begin PBXGroup section */
		51732658B4274680744394DB /* Frameworks */ = {
			isa = PBXGroup;
			children = (
				225764E3E16F88B9EE001B3D /* Pods_FitnessApp.framework */,
			);
			name = Frameworks;
			sourceTree = "<group>";
		};
		EC86EC9122EB00CD00EDBCD2 = {
			isa = PBXGroup;
			children = (
				EC86EC9C22EB00CD00EDBCD2 /* FitnessApp */,
				EC86EC9B22EB00CD00EDBCD2 /* Products */,
				F7985E7DB3B10D9357793665 /* Pods */,
				51732658B4274680744394DB /* Frameworks */,
			);
			sourceTree = "<group>";
		};
		EC86EC9B22EB00CD00EDBCD2 /* Products */ = {
			isa = PBXGroup;
			children = (
				EC86EC9A22EB00CD00EDBCD2 /* FitnessApp.app */,
			);
			name = Products;
			sourceTree = "<group>";
		};
		EC86EC9C22EB00CD00EDBCD2 /* FitnessApp */ = {
			isa = PBXGroup;
			children = (
				EC86EC9D22EB00CD00EDBCD2 /* AppDelegate.swift */,
				EC86EC9F22EB00CD00EDBCD2 /* ViewController.swift */,
				EC86ECAF22EB32EC00EDBCD2 /* AlamofirTableViewCell.swift */,
				EC86ECA422EB00D000EDBCD2 /* Assets.xcassets */,
				EC86ECA122EB00CD00EDBCD2 /* Main.storyboard */,
				EC86ECA622EB00D000EDBCD2 /* LaunchScreen.storyboard */,
				EC86ECA922EB00D000EDBCD2 /* Info.plist */,
			);
			path = FitnessApp;
			sourceTree = "<group>";
		};
		F7985E7DB3B10D9357793665 /* Pods */ = {
			isa = PBXGroup;
			children = (
				D11B54786D54BA0E6397FFF6 /* Pods-FitnessApp.debug.xcconfig */,
				64B01547D21CB1E877461685 /* Pods-FitnessApp.release.xcconfig */,
			);
			path = Pods;
			sourceTree = "<group>";
		};
/* End PBXGroup section */

/* Begin PBXNativeTarget section */
		EC86EC9922EB00CD00EDBCD2 /* FitnessApp */ = {
			isa = PBXNativeTarget;
			buildConfigurationList = EC86ECAC22EB00D000EDBCD2 /* Build configuration list for PBXNativeTarget "FitnessApp" */;
			buildPhases = (
				92A1FDE848EA96843E297FE1 /* [CP] Check Pods Manifest.lock */,
				EC86EC9622EB00CD00EDBCD2 /* Sources */,
				EC86EC9722EB00CD00EDBCD2 /* Frameworks */,
				EC86EC9822EB00CD00EDBCD2 /* Resources */,
				F28D730C622AA90704753D47 /* [CP] Embed Pods Frameworks */,
			);
			buildRules = (
			);
			dependencies = (
			);
			name = FitnessApp;
			productName = FitnessApp;
			productReference = EC86EC9A22EB00CD00EDBCD2 /* FitnessApp.app */;
			productType = "com.apple.product-type.application";
		};
/* End PBXNativeTarget section */

/* Begin PBXProject section */
		EC86EC9222EB00CD00EDBCD2 /* Project object */ = {
			isa = PBXProject;
			attributes = {
				LastSwiftUpdateCheck = 1020;
				LastUpgradeCheck = 1020;
				ORGANIZATIONNAME = trainee;
				TargetAttributes = {
					EC86EC9922EB00CD00EDBCD2 = {
						CreatedOnToolsVersion = 10.2;
					};
				};
			};
			buildConfigurationList = EC86EC9522EB00CD00EDBCD2 /* Build configuration list for PBXProject "FitnessApp" */;
			compatibilityVersion = "Xcode 9.3";
			developmentRegion = en;
			hasScannedForEncodings = 0;
			knownRegions = (
				en,
				Base,
			);
			mainGroup = EC86EC9122EB00CD00EDBCD2;
			productRefGroup = EC86EC9B22EB00CD00EDBCD2 /* Products */;
			projectDirPath = "";
			projectRoot = "";
			targets = (
				EC86EC9922EB00CD00EDBCD2 /* FitnessApp */,
			);
		};
/* End PBXProject section */

/* Begin PBXResourcesBuildPhase section */
		EC86EC9822EB00CD00EDBCD2 /* Resources */ = {
			isa = PBXResourcesBuildPhase;
			buildActionMask = 2147483647;
			files = (
				EC86ECA822EB00D000EDBCD2 /* LaunchScreen.storyboard in Resources */,
				EC86ECA522EB00D000EDBCD2 /* Assets.xcassets in Resources */,
				EC86ECA322EB00CD00EDBCD2 /* Main.storyboard in Resources */,
			);
			runOnlyForDeploymentPostprocessing = 0;
		};
/* End PBXResourcesBuildPhase section */

/* Begin PBXShellScriptBuildPhase section */
		92A1FDE848EA96843E297FE1 /* [CP] Check Pods Manifest.lock */ = {
			isa = PBXShellScriptBuildPhase;
			buildActionMask = 2147483647;
			files = (
			);
			inputFileListPaths = (
			);
			inputPaths = (
				"${PODS_PODFILE_DIR_PATH}/Podfile.lock",
				"${PODS_ROOT}/Manifest.lock",
			);
			name = "[CP] Check Pods Manifest.lock";
			outputFileListPaths = (
			);
			outputPaths = (
				"$(DERIVED_FILE_DIR)/Pods-FitnessApp-checkManifestLockResult.txt",
			);
			runOnlyForDeploymentPostprocessing = 0;
			shellPath = /bin/sh;
			shellScript = "diff \"${PODS_PODFILE_DIR_PATH}/Podfile.lock\" \"${PODS_ROOT}/Manifest.lock\" > /dev/null\nif [ $? != 0 ] ; then\n    # print error to STDERR\n    echo \"error: The sandbox is not in sync with the Podfile.lock. Run 'pod install' or update your CocoaPods installation.\" >&2\n    exit 1\nfi\n# This output is used by Xcode 'outputs' to avoid re-running this script phase.\necho \"SUCCESS\" > \"${SCRIPT_OUTPUT_FILE_0}\"\n";
			showEnvVarsInLog = 0;
		};
		F28D730C622AA90704753D47 /* [CP] Embed Pods Frameworks */ = {
			isa = PBXShellScriptBuildPhase;
			buildActionMask = 2147483647;
			files = (
			);
			inputFileListPaths = (
				"${PODS_ROOT}/Target Support Files/Pods-FitnessApp/Pods-FitnessApp-frameworks-${CONFIGURATION}-input-files.xcfilelist",
			);
			name = "[CP] Embed Pods Frameworks";
			outputFileListPaths = (
				"${PODS_ROOT}/Target Support Files/Pods-FitnessApp/Pods-FitnessApp-frameworks-${CONFIGURATION}-output-files.xcfilelist",
			);
			runOnlyForDeploymentPostprocessing = 0;
			shellPath = /bin/sh;
			shellScript = "\"${PODS_ROOT}/Target Support Files/Pods-FitnessApp/Pods-FitnessApp-frameworks.sh\"\n";
			showEnvVarsInLog = 0;
		};
/* End PBXShellScriptBuildPhase section */

/* Begin PBXSourcesBuildPhase section */
		EC86EC9622EB00CD00EDBCD2 /* Sources */ = {
			isa = PBXSourcesBuildPhase;
			buildActionMask = 2147483647;
			files = (
				EC86ECA022EB00CD00EDBCD2 /* ViewController.swift in Sources */,
				EC86ECB022EB32EC00EDBCD2 /* AlamofirTableViewCell.swift in Sources */,
				EC86EC9E22EB00CD00EDBCD2 /* AppDelegate.swift in Sources */,
			);
			runOnlyForDeploymentPostprocessing = 0;
		};
/* End PBXSourcesBuildPhase section */

/* Begin PBXVariantGroup section */
		EC86ECA122EB00CD00EDBCD2 /* Main.storyboard */ = {
			isa = PBXVariantGroup;
			children = (
				EC86ECA222EB00CD00EDBCD2 /* Base */,
			);
			name = Main.storyboard;
			sourceTree = "<group>";
		};
		EC86ECA622EB00D000EDBCD2 /* LaunchScreen.storyboard */ = {
			isa = PBXVariantGroup;
			children = (
				EC86ECA722EB00D000EDBCD2 /* Base */,
			);
			name = LaunchScreen.storyboard;
			sourceTree = "<group>";
		};
/* End PBXVariantGroup section */

/* Begin XCBuildConfiguration section */
		EC86ECAA22EB00D000EDBCD2 /* Debug */ = {
			isa = XCBuildConfiguration;
			buildSettings = {
				ALWAYS_SEARCH_USER_PATHS = NO;
				CLANG_ANALYZER_NONNULL = YES;
				CLANG_ANALYZER_NUMBER_OBJECT_CONVERSION = YES_AGGRESSIVE;
				CLANG_CXX_LANGUAGE_STANDARD = "gnu++14";
				CLANG_CXX_LIBRARY = "libc++";
				CLANG_ENABLE_MODULES = YES;
				CLANG_ENABLE_OBJC_ARC = YES;
				CLANG_ENABLE_OBJC_WEAK = YES;
				CLANG_WARN_BLOCK_CAPTURE_AUTORELEASING = YES;
				CLANG_WARN_BOOL_CONVERSION = YES;
				CLANG_WARN_COMMA = YES;
				CLANG_WARN_CONSTANT_CONVERSION = YES;
				CLANG_WARN_DEPRECATED_OBJC_IMPLEMENTATIONS = YES;
				CLANG_WARN_DIRECT_OBJC_ISA_USAGE = YES_ERROR;
				CLANG_WARN_DOCUMENTATION_COMMENTS = YES;
				CLANG_WARN_EMPTY_BODY = YES;
				CLANG_WARN_ENUM_CONVERSION = YES;
				CLANG_WARN_INFINITE_RECURSION = YES;
				CLANG_WARN_INT_CONVERSION = YES;
				CLANG_WARN_NON_LITERAL_NULL_CONVERSION = YES;
				CLANG_WARN_OBJC_IMPLICIT_RETAIN_SELF = YES;
				CLANG_WARN_OBJC_LITERAL_CONVERSION = YES;
				CLANG_WARN_OBJC_ROOT_CLASS = YES_ERROR;
				CLANG_WARN_RANGE_LOOP_ANALYSIS = YES;
				CLANG_WARN_STRICT_PROTOTYPES = YES;
				CLANG_WARN_SUSPICIOUS_MOVE = YES;
				CLANG_WARN_UNGUARDED_AVAILABILITY = YES_AGGRESSIVE;
				CLANG_WARN_UNREACHABLE_CODE = YES;
				CLANG_WARN__DUPLICATE_METHOD_MATCH = YES;
				CODE_SIGN_IDENTITY = "iPhone Developer";
				COPY_PHASE_STRIP = NO;
				DEBUG_INFORMATION_FORMAT = dwarf;
				ENABLE_STRICT_OBJC_MSGSEND = YES;
				ENABLE_TESTABILITY = YES;
				GCC_C_LANGUAGE_STANDARD = gnu11;
				GCC_DYNAMIC_NO_PIC = NO;
				GCC_NO_COMMON_BLOCKS = YES;
				GCC_OPTIMIZATION_LEVEL = 0;
				GCC_PREPROCESSOR_DEFINITIONS = (
					"DEBUG=1",
					"$(inherited)",
				);
				GCC_WARN_64_TO_32_BIT_CONVERSION = YES;
				GCC_WARN_ABOUT_RETURN_TYPE = YES_ERROR;
				GCC_WARN_UNDECLARED_SELECTOR = YES;
				GCC_WARN_UNINITIALIZED_AUTOS = YES_AGGRESSIVE;
				GCC_WARN_UNUSED_FUNCTION = YES;
				GCC_WARN_UNUSED_VARIABLE = YES;
				IPHONEOS_DEPLOYMENT_TARGET = 12.2;
				MTL_ENABLE_DEBUG_INFO = INCLUDE_SOURCE;
				MTL_FAST_MATH = YES;
				ONLY_ACTIVE_ARCH = YES;
				SDKROOT = iphoneos;
				SWIFT_ACTIVE_COMPILATION_CONDITIONS = DEBUG;
				SWIFT_OPTIMIZATION_LEVEL = "-Onone";
			};
			name = Debug;
		};
		EC86ECAB22EB00D000EDBCD2 /* Release */ = {
			isa = XCBuildConfiguration;
			buildSettings = {
				ALWAYS_SEARCH_USER_PATHS = NO;
				CLANG_ANALYZER_NONNULL = YES;
				CLANG_ANALYZER_NUMBER_OBJECT_CONVERSION = YES_AGGRESSIVE;
				CLANG_CXX_LANGUAGE_STANDARD = "gnu++14";
				CLANG_CXX_LIBRARY = "libc++";
				CLANG_ENABLE_MODULES = YES;
				CLANG_ENABLE_OBJC_ARC = YES;
				CLANG_ENABLE_OBJC_WEAK = YES;
				CLANG_WARN_BLOCK_CAPTURE_AUTORELEASING = YES;
				CLANG_WARN_BOOL_CONVERSION = YES;
				CLANG_WARN_COMMA = YES;
				CLANG_WARN_CONSTANT_CONVERSION = YES;
				CLANG_WARN_DEPRECATED_OBJC_IMPLEMENTATIONS = YES;
				CLANG_WARN_DIRECT_OBJC_ISA_USAGE = YES_ERROR;
				CLANG_WARN_DOCUMENTATION_COMMENTS = YES;
				CLANG_WARN_EMPTY_BODY = YES;
				CLANG_WARN_ENUM_CONVERSION = YES;
				CLANG_WARN_INFINITE_RECURSION = YES;
				CLANG_WARN_INT_CONVERSION = YES;
				CLANG_WARN_NON_LITERAL_NULL_CONVERSION = YES;
				CLANG_WARN_OBJC_IMPLICIT_RETAIN_SELF = YES;
				CLANG_WARN_OBJC_LITERAL_CONVERSION = YES;
				CLANG_WARN_OBJC_ROOT_CLASS = YES_ERROR;
				CLANG_WARN_RANGE_LOOP_ANALYSIS = YES;
				CLANG_WARN_STRICT_PROTOTYPES = YES;
				CLANG_WARN_SUSPICIOUS_MOVE = YES;
				CLANG_WARN_UNGUARDED_AVAILABILITY = YES_AGGRESSIVE;
				CLANG_WARN_UNREACHABLE_CODE = YES;
				CLANG_WARN__DUPLICATE_METHOD_MATCH = YES;
				CODE_SIGN_IDENTITY = "iPhone Developer";
				COPY_PHASE_STRIP = NO;
				DEBUG_INFORMATION_FORMAT = "dwarf-with-dsym";
				ENABLE_NS_ASSERTIONS = NO;
				ENABLE_STRICT_OBJC_MSGSEND = YES;
				GCC_C_LANGUAGE_STANDARD = gnu11;
				GCC_NO_COMMON_BLOCKS = YES;
				GCC_WARN_64_TO_32_BIT_CONVERSION = YES;
				GCC_WARN_ABOUT_RETURN_TYPE = YES_ERROR;
				GCC_WARN_UNDECLARED_SELECTOR = YES;
				GCC_WARN_UNINITIALIZED_AUTOS = YES_AGGRESSIVE;
				GCC_WARN_UNUSED_FUNCTION = YES;
				GCC_WARN_UNUSED_VARIABLE = YES;
				IPHONEOS_DEPLOYMENT_TARGET = 12.2;
				MTL_ENABLE_DEBUG_INFO = NO;
				MTL_FAST_MATH = YES;
				SDKROOT = iphoneos;
				SWIFT_COMPILATION_MODE = wholemodule;
				SWIFT_OPTIMIZATION_LEVEL = "-O";
				VALIDATE_PRODUCT = YES;
			};
			name = Release;
		};
		EC86ECAD22EB00D000EDBCD2 /* Debug */ = {
			isa = XCBuildConfiguration;
			baseConfigurationReference = D11B54786D54BA0E6397FFF6 /* Pods-FitnessApp.debug.xcconfig */;
			buildSettings = {
				ASSETCATALOG_COMPILER_APPICON_NAME = AppIcon;
				CODE_SIGN_STYLE = Automatic;
				INFOPLIST_FILE = FitnessApp/Info.plist;
				LD_RUNPATH_SEARCH_PATHS = (
					"$(inherited)",
					"@executable_path/Frameworks",
				);
				PRODUCT_BUNDLE_IDENTIFIER = testApp.FitnessApp;
				PRODUCT_NAME = "$(TARGET_NAME)";
				SWIFT_VERSION = 5.0;
				TARGETED_DEVICE_FAMILY = "1,2";
			};
			name = Debug;
		};
		EC86ECAE22EB00D000EDBCD2 /* Release */ = {
			isa = XCBuildConfiguration;
			baseConfigurationReference = 64B01547D21CB1E877461685 /* Pods-FitnessApp.release.xcconfig */;
			buildSettings = {
				ASSETCATALOG_COMPILER_APPICON_NAME = AppIcon;
				CODE_SIGN_STYLE = Automatic;
				INFOPLIST_FILE = FitnessApp/Info.plist;
				LD_RUNPATH_SEARCH_PATHS = (
					"$(inherited)",
					"@executable_path/Frameworks",
				);
				PRODUCT_BUNDLE_IDENTIFIER = testApp.FitnessApp;
				PRODUCT_NAME = "$(TARGET_NAME)";
				SWIFT_VERSION = 5.0;
				TARGETED_DEVICE_FAMILY = "1,2";
			};
			name = Release;
		};
/* End XCBuildConfiguration section */

/* Begin XCConfigurationList section */
		EC86EC9522EB00CD00EDBCD2 /* Build configuration list for PBXProject "FitnessApp" */ = {
			isa = XCConfigurationList;
			buildConfigurations = (
				EC86ECAA22EB00D000EDBCD2 /* Debug */,
				EC86ECAB22EB00D000EDBCD2 /* Release */,
			);
			defaultConfigurationIsVisible = 0;
			defaultConfigurationName = Release;
		};
		EC86ECAC22EB00D000EDBCD2 /* Build configuration list for PBXNativeTarget "FitnessApp" */ = {
			isa = XCConfigurationList;
			buildConfigurations = (
				EC86ECAD22EB00D000EDBCD2 /* Debug */,
				EC86ECAE22EB00D000EDBCD2 /* Release */,
			);
			defaultConfigurationIsVisible = 0;
			defaultConfigurationName = Release;
		};
/* End XCConfigurationList section */
	};
	rootObject = EC86EC9222EB00CD00EDBCD2 /* Project object */;
}
