// !$*UTF8*$!
{
	archiveVersion = 1;
	classes = {
	};
	objectVersion = 50;
	objects = {

/* Begin PBXBuildFile section */
		EC1AF3B122D5B86B00A53742 /* ListViewController.swift in Sources */ = {isa = PBXBuildFile; fileRef = EC1AF3B022D5B86B00A53742 /* ListViewController.swift */; };
		EC1AF3B322D5BB4300A53742 /* Customcell.swift in Sources */ = {isa = PBXBuildFile; fileRef = EC1AF3B222D5BB4300A53742 /* Customcell.swift */; };
		EC70D39822D47B6600DED9D8 /* AppDelegate.swift in Sources */ = {isa = PBXBuildFile; fileRef = EC70D39722D47B6600DED9D8 /* AppDelegate.swift */; };
		EC70D39A22D47B6600DED9D8 /* ViewController.swift in Sources */ = {isa = PBXBuildFile; fileRef = EC70D39922D47B6600DED9D8 /* ViewController.swift */; };
		EC70D39D22D47B6600DED9D8 /* Main.storyboard in Resources */ = {isa = PBXBuildFile; fileRef = EC70D39B22D47B6600DED9D8 /* Main.storyboard */; };
		EC70D39F22D47B6F00DED9D8 /* Assets.xcassets in Resources */ = {isa = PBXBuildFile; fileRef = EC70D39E22D47B6F00DED9D8 /* Assets.xcassets */; };
		EC70D3A222D47B6F00DED9D8 /* LaunchScreen.storyboard in Resources */ = {isa = PBXBuildFile; fileRef = EC70D3A022D47B6F00DED9D8 /* LaunchScreen.storyboard */; };
		ECD80CD222D5D3B400691132 /* myCell.swift in Sources */ = {isa = PBXBuildFile; fileRef = ECD80CD122D5D3B400691132 /* myCell.swift */; };
		ECD80CD422D5FFD900691132 /* DIctViewController.swift in Sources */ = {isa = PBXBuildFile; fileRef = ECD80CD322D5FFD900691132 /* DIctViewController.swift */; };
		ECD80CD622D60CC200691132 /* Dictcell.swift in Sources */ = {isa = PBXBuildFile; fileRef = ECD80CD522D60CC200691132 /* Dictcell.swift */; };
/* End PBXBuildFile section */

/* Begin PBXFileReference section */
		EC1AF3B022D5B86B00A53742 /* ListViewController.swift */ = {isa = PBXFileReference; lastKnownFileType = sourcecode.swift; path = ListViewController.swift; sourceTree = "<group>"; };
		EC1AF3B222D5BB4300A53742 /* Customcell.swift */ = {isa = PBXFileReference; lastKnownFileType = sourcecode.swift; path = Customcell.swift; sourceTree = "<group>"; };
		EC70D39422D47B6600DED9D8 /* Testapp.app */ = {isa = PBXFileReference; explicitFileType = wrapper.application; includeInIndex = 0; path = Testapp.app; sourceTree = BUILT_PRODUCTS_DIR; };
		EC70D39722D47B6600DED9D8 /* AppDelegate.swift */ = {isa = PBXFileReference; lastKnownFileType = sourcecode.swift; path = AppDelegate.swift; sourceTree = "<group>"; };
		EC70D39922D47B6600DED9D8 /* ViewController.swift */ = {isa = PBXFileReference; lastKnownFileType = sourcecode.swift; path = ViewController.swift; sourceTree = "<group>"; };
		EC70D39C22D47B6600DED9D8 /* Base */ = {isa = PBXFileReference; lastKnownFileType = file.storyboard; name = Base; path = Base.lproj/Main.storyboard; sourceTree = "<group>"; };
		EC70D39E22D47B6F00DED9D8 /* Assets.xcassets */ = {isa = PBXFileReference; lastKnownFileType = folder.assetcatalog; path = Assets.xcassets; sourceTree = "<group>"; };
		EC70D3A122D47B6F00DED9D8 /* Base */ = {isa = PBXFileReference; lastKnownFileType = file.storyboard; name = Base; path = Base.lproj/LaunchScreen.storyboard; sourceTree = "<group>"; };
		EC70D3A322D47B6F00DED9D8 /* Info.plist */ = {isa = PBXFileReference; lastKnownFileType = text.plist.xml; path = Info.plist; sourceTree = "<group>"; };
		ECD80CD122D5D3B400691132 /* myCell.swift */ = {isa = PBXFileReference; lastKnownFileType = sourcecode.swift; path = myCell.swift; sourceTree = "<group>"; };
		ECD80CD322D5FFD900691132 /* DIctViewController.swift */ = {isa = PBXFileReference; lastKnownFileType = sourcecode.swift; path = DIctViewController.swift; sourceTree = "<group>"; };
		ECD80CD522D60CC200691132 /* Dictcell.swift */ = {isa = PBXFileReference; lastKnownFileType = sourcecode.swift; path = Dictcell.swift; sourceTree = "<group>"; };
/* End PBXFileReference section */

/* Begin PBXFrameworksBuildPhase section */
		EC70D39122D47B6600DED9D8 /* Frameworks */ = {
			isa = PBXFrameworksBuildPhase;
			buildActionMask = 2147483647;
			files = (
			);
			runOnlyForDeploymentPostprocessing = 0;
		};
/* End PBXFrameworksBuildPhase section */

/* Begin PBXGroup section */
		EC70D38B22D47B6600DED9D8 = {
			isa = PBXGroup;
			children = (
				EC70D39622D47B6600DED9D8 /* Testapp */,
				EC70D39522D47B6600DED9D8 /* Products */,
			);
			sourceTree = "<group>";
		};
		EC70D39522D47B6600DED9D8 /* Products */ = {
			isa = PBXGroup;
			children = (
				EC70D39422D47B6600DED9D8 /* Testapp.app */,
			);
			name = Products;
			sourceTree = "<group>";
		};
		EC70D39622D47B6600DED9D8 /* Testapp */ = {
			isa = PBXGroup;
			children = (
				EC70D39722D47B6600DED9D8 /* AppDelegate.swift */,
				EC70D39922D47B6600DED9D8 /* ViewController.swift */,
				EC1AF3B022D5B86B00A53742 /* ListViewController.swift */,
				EC1AF3B222D5BB4300A53742 /* Customcell.swift */,
				ECD80CD122D5D3B400691132 /* myCell.swift */,
				ECD80CD322D5FFD900691132 /* DIctViewController.swift */,
				EC70D39B22D47B6600DED9D8 /* Main.storyboard */,
				ECD80CD522D60CC200691132 /* Dictcell.swift */,
				EC70D39E22D47B6F00DED9D8 /* Assets.xcassets */,
				EC70D3A022D47B6F00DED9D8 /* LaunchScreen.storyboard */,
				EC70D3A322D47B6F00DED9D8 /* Info.plist */,
			);
			path = Testapp;
			sourceTree = "<group>";
		};
/* End PBXGroup section */

/* Begin PBXNativeTarget section */
		EC70D39322D47B6600DED9D8 /* Testapp */ = {
			isa = PBXNativeTarget;
			buildConfigurationList = EC70D3A622D47B6F00DED9D8 /* Build configuration list for PBXNativeTarget "Testapp" */;
			buildPhases = (
				EC70D39022D47B6600DED9D8 /* Sources */,
				EC70D39122D47B6600DED9D8 /* Frameworks */,
				EC70D39222D47B6600DED9D8 /* Resources */,
			);
			buildRules = (
			);
			dependencies = (
			);
			name = Testapp;
			productName = Testapp;
			productReference = EC70D39422D47B6600DED9D8 /* Testapp.app */;
			productType = "com.apple.product-type.application";
		};
/* End PBXNativeTarget section */

/* Begin PBXProject section */
		EC70D38C22D47B6600DED9D8 /* Project object */ = {
			isa = PBXProject;
			attributes = {
				LastSwiftUpdateCheck = 1020;
				LastUpgradeCheck = 1020;
				ORGANIZATIONNAME = trainee;
				TargetAttributes = {
					EC70D39322D47B6600DED9D8 = {
						CreatedOnToolsVersion = 10.2;
					};
				};
			};
			buildConfigurationList = EC70D38F22D47B6600DED9D8 /* Build configuration list for PBXProject "Testapp" */;
			compatibilityVersion = "Xcode 9.3";
			developmentRegion = en;
			hasScannedForEncodings = 0;
			knownRegions = (
				en,
				Base,
			);
			mainGroup = EC70D38B22D47B6600DED9D8;
			productRefGroup = EC70D39522D47B6600DED9D8 /* Products */;
			projectDirPath = "";
			projectRoot = "";
			targets = (
				EC70D39322D47B6600DED9D8 /* Testapp */,
			);
		};
/* End PBXProject section */

/* Begin PBXResourcesBuildPhase section */
		EC70D39222D47B6600DED9D8 /* Resources */ = {
			isa = PBXResourcesBuildPhase;
			buildActionMask = 2147483647;
			files = (
				EC70D3A222D47B6F00DED9D8 /* LaunchScreen.storyboard in Resources */,
				EC70D39F22D47B6F00DED9D8 /* Assets.xcassets in Resources */,
				EC70D39D22D47B6600DED9D8 /* Main.storyboard in Resources */,
			);
			runOnlyForDeploymentPostprocessing = 0;
		};
/* End PBXResourcesBuildPhase section */

/* Begin PBXSourcesBuildPhase section */
		EC70D39022D47B6600DED9D8 /* Sources */ = {
			isa = PBXSourcesBuildPhase;
			buildActionMask = 2147483647;
			files = (
				EC70D39A22D47B6600DED9D8 /* ViewController.swift in Sources */,
				EC70D39822D47B6600DED9D8 /* AppDelegate.swift in Sources */,
				ECD80CD422D5FFD900691132 /* DIctViewController.swift in Sources */,
				ECD80CD622D60CC200691132 /* Dictcell.swift in Sources */,
				ECD80CD222D5D3B400691132 /* myCell.swift in Sources */,
				EC1AF3B322D5BB4300A53742 /* Customcell.swift in Sources */,
				EC1AF3B122D5B86B00A53742 /* ListViewController.swift in Sources */,
			);
			runOnlyForDeploymentPostprocessing = 0;
		};
/* End PBXSourcesBuildPhase section */

/* Begin PBXVariantGroup section */
		EC70D39B22D47B6600DED9D8 /* Main.storyboard */ = {
			isa = PBXVariantGroup;
			children = (
				EC70D39C22D47B6600DED9D8 /* Base */,
			);
			name = Main.storyboard;
			sourceTree = "<group>";
		};
		EC70D3A022D47B6F00DED9D8 /* LaunchScreen.storyboard */ = {
			isa = PBXVariantGroup;
			children = (
				EC70D3A122D47B6F00DED9D8 /* Base */,
			);
			name = LaunchScreen.storyboard;
			sourceTree = "<group>";
		};
/* End PBXVariantGroup section */

/* Begin XCBuildConfiguration section */
		EC70D3A422D47B6F00DED9D8 /* Debug */ = {
			isa = XCBuildConfiguration;
			buildSettings = {
				ALWAYS_SEARCH_USER_PATHS = NO;
				CLANG_ANALYZER_NONNULL = YES;
				CLANG_ANALYZER_NUMBER_OBJECT_CONVERSION = YES_AGGRESSIVE;
				CLANG_CXX_LANGUAGE_STANDARD = "gnu++14";
				CLANG_CXX_LIBRARY = "libc++";
				CLANG_ENABLE_MODULES = YES;
				CLANG_ENABLE_OBJC_ARC = YES;
				CLANG_ENABLE_OBJC_WEAK = YES;
				CLANG_WARN_BLOCK_CAPTURE_AUTORELEASING = YES;
				CLANG_WARN_BOOL_CONVERSION = YES;
				CLANG_WARN_COMMA = YES;
				CLANG_WARN_CONSTANT_CONVERSION = YES;
				CLANG_WARN_DEPRECATED_OBJC_IMPLEMENTATIONS = YES;
				CLANG_WARN_DIRECT_OBJC_ISA_USAGE = YES_ERROR;
				CLANG_WARN_DOCUMENTATION_COMMENTS = YES;
				CLANG_WARN_EMPTY_BODY = YES;
				CLANG_WARN_ENUM_CONVERSION = YES;
				CLANG_WARN_INFINITE_RECURSION = YES;
				CLANG_WARN_INT_CONVERSION = YES;
				CLANG_WARN_NON_LITERAL_NULL_CONVERSION = YES;
				CLANG_WARN_OBJC_IMPLICIT_RETAIN_SELF = YES;
				CLANG_WARN_OBJC_LITERAL_CONVERSION = YES;
				CLANG_WARN_OBJC_ROOT_CLASS = YES_ERROR;
				CLANG_WARN_RANGE_LOOP_ANALYSIS = YES;
				CLANG_WARN_STRICT_PROTOTYPES = YES;
				CLANG_WARN_SUSPICIOUS_MOVE = YES;
				CLANG_WARN_UNGUARDED_AVAILABILITY = YES_AGGRESSIVE;
				CLANG_WARN_UNREACHABLE_CODE = YES;
				CLANG_WARN__DUPLICATE_METHOD_MATCH = YES;
				CODE_SIGN_IDENTITY = "iPhone Developer";
				COPY_PHASE_STRIP = NO;
				DEBUG_INFORMATION_FORMAT = dwarf;
				ENABLE_STRICT_OBJC_MSGSEND = YES;
				ENABLE_TESTABILITY = YES;
				GCC_C_LANGUAGE_STANDARD = gnu11;
				GCC_DYNAMIC_NO_PIC = NO;
				GCC_NO_COMMON_BLOCKS = YES;
				GCC_OPTIMIZATION_LEVEL = 0;
				GCC_PREPROCESSOR_DEFINITIONS = (
					"DEBUG=1",
					"$(inherited)",
				);
				GCC_WARN_64_TO_32_BIT_CONVERSION = YES;
				GCC_WARN_ABOUT_RETURN_TYPE = YES_ERROR;
				GCC_WARN_UNDECLARED_SELECTOR = YES;
				GCC_WARN_UNINITIALIZED_AUTOS = YES_AGGRESSIVE;
				GCC_WARN_UNUSED_FUNCTION = YES;
				GCC_WARN_UNUSED_VARIABLE = YES;
				IPHONEOS_DEPLOYMENT_TARGET = 12.2;
				MTL_ENABLE_DEBUG_INFO = INCLUDE_SOURCE;
				MTL_FAST_MATH = YES;
				ONLY_ACTIVE_ARCH = YES;
				SDKROOT = iphoneos;
				SWIFT_ACTIVE_COMPILATION_CONDITIONS = DEBUG;
				SWIFT_OPTIMIZATION_LEVEL = "-Onone";
			};
			name = Debug;
		};
		EC70D3A522D47B6F00DED9D8 /* Release */ = {
			isa = XCBuildConfiguration;
			buildSettings = {
				ALWAYS_SEARCH_USER_PATHS = NO;
				CLANG_ANALYZER_NONNULL = YES;
				CLANG_ANALYZER_NUMBER_OBJECT_CONVERSION = YES_AGGRESSIVE;
				CLANG_CXX_LANGUAGE_STANDARD = "gnu++14";
				CLANG_CXX_LIBRARY = "libc++";
				CLANG_ENABLE_MODULES = YES;
				CLANG_ENABLE_OBJC_ARC = YES;
				CLANG_ENABLE_OBJC_WEAK = YES;
				CLANG_WARN_BLOCK_CAPTURE_AUTORELEASING = YES;
				CLANG_WARN_BOOL_CONVERSION = YES;
				CLANG_WARN_COMMA = YES;
				CLANG_WARN_CONSTANT_CONVERSION = YES;
				CLANG_WARN_DEPRECATED_OBJC_IMPLEMENTATIONS = YES;
				CLANG_WARN_DIRECT_OBJC_ISA_USAGE = YES_ERROR;
				CLANG_WARN_DOCUMENTATION_COMMENTS = YES;
				CLANG_WARN_EMPTY_BODY = YES;
				CLANG_WARN_ENUM_CONVERSION = YES;
				CLANG_WARN_INFINITE_RECURSION = YES;
				CLANG_WARN_INT_CONVERSION = YES;
				CLANG_WARN_NON_LITERAL_NULL_CONVERSION = YES;
				CLANG_WARN_OBJC_IMPLICIT_RETAIN_SELF = YES;
				CLANG_WARN_OBJC_LITERAL_CONVERSION = YES;
				CLANG_WARN_OBJC_ROOT_CLASS = YES_ERROR;
				CLANG_WARN_RANGE_LOOP_ANALYSIS = YES;
				CLANG_WARN_STRICT_PROTOTYPES = YES;
				CLANG_WARN_SUSPICIOUS_MOVE = YES;
				CLANG_WARN_UNGUARDED_AVAILABILITY = YES_AGGRESSIVE;
				CLANG_WARN_UNREACHABLE_CODE = YES;
				CLANG_WARN__DUPLICATE_METHOD_MATCH = YES;
				CODE_SIGN_IDENTITY = "iPhone Developer";
				COPY_PHASE_STRIP = NO;
				DEBUG_INFORMATION_FORMAT = "dwarf-with-dsym";
				ENABLE_NS_ASSERTIONS = NO;
				ENABLE_STRICT_OBJC_MSGSEND = YES;
				GCC_C_LANGUAGE_STANDARD = gnu11;
				GCC_NO_COMMON_BLOCKS = YES;
				GCC_WARN_64_TO_32_BIT_CONVERSION = YES;
				GCC_WARN_ABOUT_RETURN_TYPE = YES_ERROR;
				GCC_WARN_UNDECLARED_SELECTOR = YES;
				GCC_WARN_UNINITIALIZED_AUTOS = YES_AGGRESSIVE;
				GCC_WARN_UNUSED_FUNCTION = YES;
				GCC_WARN_UNUSED_VARIABLE = YES;
				IPHONEOS_DEPLOYMENT_TARGET = 12.2;
				MTL_ENABLE_DEBUG_INFO = NO;
				MTL_FAST_MATH = YES;
				SDKROOT = iphoneos;
				SWIFT_COMPILATION_MODE = wholemodule;
				SWIFT_OPTIMIZATION_LEVEL = "-O";
				VALIDATE_PRODUCT = YES;
			};
			name = Release;
		};
		EC70D3A722D47B6F00DED9D8 /* Debug */ = {
			isa = XCBuildConfiguration;
			buildSettings = {
				ASSETCATALOG_COMPILER_APPICON_NAME = AppIcon;
				CODE_SIGN_STYLE = Automatic;
				INFOPLIST_FILE = Testapp/Info.plist;
				LD_RUNPATH_SEARCH_PATHS = (
					"$(inherited)",
					"@executable_path/Frameworks",
				);
				PRODUCT_BUNDLE_IDENTIFIER = testApp.Testapp;
				PRODUCT_NAME = "$(TARGET_NAME)";
				SWIFT_VERSION = 5.0;
				TARGETED_DEVICE_FAMILY = "1,2";
			};
			name = Debug;
		};
		EC70D3A822D47B6F00DED9D8 /* Release */ = {
			isa = XCBuildConfiguration;
			buildSettings = {
				ASSETCATALOG_COMPILER_APPICON_NAME = AppIcon;
				CODE_SIGN_STYLE = Automatic;
				INFOPLIST_FILE = Testapp/Info.plist;
				LD_RUNPATH_SEARCH_PATHS = (
					"$(inherited)",
					"@executable_path/Frameworks",
				);
				PRODUCT_BUNDLE_IDENTIFIER = testApp.Testapp;
				PRODUCT_NAME = "$(TARGET_NAME)";
				SWIFT_VERSION = 5.0;
				TARGETED_DEVICE_FAMILY = "1,2";
			};
			name = Release;
		};
/* End XCBuildConfiguration section */

/* Begin XCConfigurationList section */
		EC70D38F22D47B6600DED9D8 /* Build configuration list for PBXProject "Testapp" */ = {
			isa = XCConfigurationList;
			buildConfigurations = (
				EC70D3A422D47B6F00DED9D8 /* Debug */,
				EC70D3A522D47B6F00DED9D8 /* Release */,
			);
			defaultConfigurationIsVisible = 0;
			defaultConfigurationName = Release;
		};
		EC70D3A622D47B6F00DED9D8 /* Build configuration list for PBXNativeTarget "Testapp" */ = {
			isa = XCConfigurationList;
			buildConfigurations = (
				EC70D3A722D47B6F00DED9D8 /* Debug */,
				EC70D3A822D47B6F00DED9D8 /* Release */,
			);
			defaultConfigurationIsVisible = 0;
			defaultConfigurationName = Release;
		};
/* End XCConfigurationList section */
	};
	rootObject = EC70D38C22D47B6600DED9D8 /* Project object */;
}
