// !$*UTF8*$!
{
	archiveVersion = 1;
	classes = {
	};
	objectVersion = 50;
	objects = {

/* Begin PBXBuildFile section */
		EC940F4222E9A13000A3C54C /* AppDelegate.swift in Sources */ = {isa = PBXBuildFile; fileRef = EC940F4122E9A13000A3C54C /* AppDelegate.swift */; };
		EC940F4422E9A13000A3C54C /* ViewController.swift in Sources */ = {isa = PBXBuildFile; fileRef = EC940F4322E9A13000A3C54C /* ViewController.swift */; };
		EC940F4722E9A13000A3C54C /* Main.storyboard in Resources */ = {isa = PBXBuildFile; fileRef = EC940F4522E9A13000A3C54C /* Main.storyboard */; };
		EC940F4922E9A13100A3C54C /* Assets.xcassets in Resources */ = {isa = PBXBuildFile; fileRef = EC940F4822E9A13100A3C54C /* Assets.xcassets */; };
		EC940F4C22E9A13100A3C54C /* LaunchScreen.storyboard in Resources */ = {isa = PBXBuildFile; fileRef = EC940F4A22E9A13100A3C54C /* LaunchScreen.storyboard */; };
		EC940F5522E9A93A00A3C54C /* WebKit.framework in Frameworks */ = {isa = PBXBuildFile; fileRef = EC940F5422E9A93A00A3C54C /* WebKit.framework */; };
		EC940F5722E9AC6900A3C54C /* WebViewController.swift in Sources */ = {isa = PBXBuildFile; fileRef = EC940F5622E9AC6900A3C54C /* WebViewController.swift */; };
/* End PBXBuildFile section */

/* Begin PBXFileReference section */
		EC940F3E22E9A13000A3C54C /* Locationapp.app */ = {isa = PBXFileReference; explicitFileType = wrapper.application; includeInIndex = 0; path = Locationapp.app; sourceTree = BUILT_PRODUCTS_DIR; };
		EC940F4122E9A13000A3C54C /* AppDelegate.swift */ = {isa = PBXFileReference; lastKnownFileType = sourcecode.swift; path = AppDelegate.swift; sourceTree = "<group>"; };
		EC940F4322E9A13000A3C54C /* ViewController.swift */ = {isa = PBXFileReference; lastKnownFileType = sourcecode.swift; path = ViewController.swift; sourceTree = "<group>"; };
		EC940F4622E9A13000A3C54C /* Base */ = {isa = PBXFileReference; lastKnownFileType = file.storyboard; name = Base; path = Base.lproj/Main.storyboard; sourceTree = "<group>"; };
		EC940F4822E9A13100A3C54C /* Assets.xcassets */ = {isa = PBXFileReference; lastKnownFileType = folder.assetcatalog; path = Assets.xcassets; sourceTree = "<group>"; };
		EC940F4B22E9A13100A3C54C /* Base */ = {isa = PBXFileReference; lastKnownFileType = file.storyboard; name = Base; path = Base.lproj/LaunchScreen.storyboard; sourceTree = "<group>"; };
		EC940F4D22E9A13100A3C54C /* Info.plist */ = {isa = PBXFileReference; lastKnownFileType = text.plist.xml; path = Info.plist; sourceTree = "<group>"; };
		EC940F5422E9A93A00A3C54C /* WebKit.framework */ = {isa = PBXFileReference; lastKnownFileType = wrapper.framework; name = WebKit.framework; path = System/Library/Frameworks/WebKit.framework; sourceTree = SDKROOT; };
		EC940F5622E9AC6900A3C54C /* WebViewController.swift */ = {isa = PBXFileReference; lastKnownFileType = sourcecode.swift; path = WebViewController.swift; sourceTree = "<group>"; };
/* End PBXFileReference section */

/* Begin PBXFrameworksBuildPhase section */
		EC940F3B22E9A13000A3C54C /* Frameworks */ = {
			isa = PBXFrameworksBuildPhase;
			buildActionMask = 2147483647;
			files = (
				EC940F5522E9A93A00A3C54C /* WebKit.framework in Frameworks */,
			);
			runOnlyForDeploymentPostprocessing = 0;
		};
/* End PBXFrameworksBuildPhase section */

/* Begin PBXGroup section */
		EC940F3522E9A13000A3C54C = {
			isa = PBXGroup;
			children = (
				EC940F4022E9A13000A3C54C /* Locationapp */,
				EC940F3F22E9A13000A3C54C /* Products */,
				EC940F5322E9A93A00A3C54C /* Frameworks */,
			);
			sourceTree = "<group>";
		};
		EC940F3F22E9A13000A3C54C /* Products */ = {
			isa = PBXGroup;
			children = (
				EC940F3E22E9A13000A3C54C /* Locationapp.app */,
			);
			name = Products;
			sourceTree = "<group>";
		};
		EC940F4022E9A13000A3C54C /* Locationapp */ = {
			isa = PBXGroup;
			children = (
				EC940F4122E9A13000A3C54C /* AppDelegate.swift */,
				EC940F4322E9A13000A3C54C /* ViewController.swift */,
				EC940F5622E9AC6900A3C54C /* WebViewController.swift */,
				EC940F4522E9A13000A3C54C /* Main.storyboard */,
				EC940F4822E9A13100A3C54C /* Assets.xcassets */,
				EC940F4A22E9A13100A3C54C /* LaunchScreen.storyboard */,
				EC940F4D22E9A13100A3C54C /* Info.plist */,
			);
			path = Locationapp;
			sourceTree = "<group>";
		};
		EC940F5322E9A93A00A3C54C /* Frameworks */ = {
			isa = PBXGroup;
			children = (
				EC940F5422E9A93A00A3C54C /* WebKit.framework */,
			);
			name = Frameworks;
			sourceTree = "<group>";
		};
/* End PBXGroup section */

/* Begin PBXNativeTarget section */
		EC940F3D22E9A13000A3C54C /* Locationapp */ = {
			isa = PBXNativeTarget;
			buildConfigurationList = EC940F5022E9A13100A3C54C /* Build configuration list for PBXNativeTarget "Locationapp" */;
			buildPhases = (
				EC940F3A22E9A13000A3C54C /* Sources */,
				EC940F3B22E9A13000A3C54C /* Frameworks */,
				EC940F3C22E9A13000A3C54C /* Resources */,
			);
			buildRules = (
			);
			dependencies = (
			);
			name = Locationapp;
			productName = Locationapp;
			productReference = EC940F3E22E9A13000A3C54C /* Locationapp.app */;
			productType = "com.apple.product-type.application";
		};
/* End PBXNativeTarget section */

/* Begin PBXProject section */
		EC940F3622E9A13000A3C54C /* Project object */ = {
			isa = PBXProject;
			attributes = {
				LastSwiftUpdateCheck = 1020;
				LastUpgradeCheck = 1020;
				ORGANIZATIONNAME = trainee;
				TargetAttributes = {
					EC940F3D22E9A13000A3C54C = {
						CreatedOnToolsVersion = 10.2;
					};
				};
			};
			buildConfigurationList = EC940F3922E9A13000A3C54C /* Build configuration list for PBXProject "Locationapp" */;
			compatibilityVersion = "Xcode 9.3";
			developmentRegion = en;
			hasScannedForEncodings = 0;
			knownRegions = (
				en,
				Base,
			);
			mainGroup = EC940F3522E9A13000A3C54C;
			productRefGroup = EC940F3F22E9A13000A3C54C /* Products */;
			projectDirPath = "";
			projectRoot = "";
			targets = (
				EC940F3D22E9A13000A3C54C /* Locationapp */,
			);
		};
/* End PBXProject section */

/* Begin PBXResourcesBuildPhase section */
		EC940F3C22E9A13000A3C54C /* Resources */ = {
			isa = PBXResourcesBuildPhase;
			buildActionMask = 2147483647;
			files = (
				EC940F4C22E9A13100A3C54C /* LaunchScreen.storyboard in Resources */,
				EC940F4922E9A13100A3C54C /* Assets.xcassets in Resources */,
				EC940F4722E9A13000A3C54C /* Main.storyboard in Resources */,
			);
			runOnlyForDeploymentPostprocessing = 0;
		};
/* End PBXResourcesBuildPhase section */

/* Begin PBXSourcesBuildPhase section */
		EC940F3A22E9A13000A3C54C /* Sources */ = {
			isa = PBXSourcesBuildPhase;
			buildActionMask = 2147483647;
			files = (
				EC940F4422E9A13000A3C54C /* ViewController.swift in Sources */,
				EC940F5722E9AC6900A3C54C /* WebViewController.swift in Sources */,
				EC940F4222E9A13000A3C54C /* AppDelegate.swift in Sources */,
			);
			runOnlyForDeploymentPostprocessing = 0;
		};
/* End PBXSourcesBuildPhase section */

/* Begin PBXVariantGroup section */
		EC940F4522E9A13000A3C54C /* Main.storyboard */ = {
			isa = PBXVariantGroup;
			children = (
				EC940F4622E9A13000A3C54C /* Base */,
			);
			name = Main.storyboard;
			sourceTree = "<group>";
		};
		EC940F4A22E9A13100A3C54C /* LaunchScreen.storyboard */ = {
			isa = PBXVariantGroup;
			children = (
				EC940F4B22E9A13100A3C54C /* Base */,
			);
			name = LaunchScreen.storyboard;
			sourceTree = "<group>";
		};
/* End PBXVariantGroup section */

/* Begin XCBuildConfiguration section */
		EC940F4E22E9A13100A3C54C /* Debug */ = {
			isa = XCBuildConfiguration;
			buildSettings = {
				ALWAYS_SEARCH_USER_PATHS = NO;
				CLANG_ANALYZER_NONNULL = YES;
				CLANG_ANALYZER_NUMBER_OBJECT_CONVERSION = YES_AGGRESSIVE;
				CLANG_CXX_LANGUAGE_STANDARD = "gnu++14";
				CLANG_CXX_LIBRARY = "libc++";
				CLANG_ENABLE_MODULES = YES;
				CLANG_ENABLE_OBJC_ARC = YES;
				CLANG_ENABLE_OBJC_WEAK = YES;
				CLANG_WARN_BLOCK_CAPTURE_AUTORELEASING = YES;
				CLANG_WARN_BOOL_CONVERSION = YES;
				CLANG_WARN_COMMA = YES;
				CLANG_WARN_CONSTANT_CONVERSION = YES;
				CLANG_WARN_DEPRECATED_OBJC_IMPLEMENTATIONS = YES;
				CLANG_WARN_DIRECT_OBJC_ISA_USAGE = YES_ERROR;
				CLANG_WARN_DOCUMENTATION_COMMENTS = YES;
				CLANG_WARN_EMPTY_BODY = YES;
				CLANG_WARN_ENUM_CONVERSION = YES;
				CLANG_WARN_INFINITE_RECURSION = YES;
				CLANG_WARN_INT_CONVERSION = YES;
				CLANG_WARN_NON_LITERAL_NULL_CONVERSION = YES;
				CLANG_WARN_OBJC_IMPLICIT_RETAIN_SELF = YES;
				CLANG_WARN_OBJC_LITERAL_CONVERSION = YES;
				CLANG_WARN_OBJC_ROOT_CLASS = YES_ERROR;
				CLANG_WARN_RANGE_LOOP_ANALYSIS = YES;
				CLANG_WARN_STRICT_PROTOTYPES = YES;
				CLANG_WARN_SUSPICIOUS_MOVE = YES;
				CLANG_WARN_UNGUARDED_AVAILABILITY = YES_AGGRESSIVE;
				CLANG_WARN_UNREACHABLE_CODE = YES;
				CLANG_WARN__DUPLICATE_METHOD_MATCH = YES;
				CODE_SIGN_IDENTITY = "iPhone Developer";
				COPY_PHASE_STRIP = NO;
				DEBUG_INFORMATION_FORMAT = dwarf;
				ENABLE_STRICT_OBJC_MSGSEND = YES;
				ENABLE_TESTABILITY = YES;
				GCC_C_LANGUAGE_STANDARD = gnu11;
				GCC_DYNAMIC_NO_PIC = NO;
				GCC_NO_COMMON_BLOCKS = YES;
				GCC_OPTIMIZATION_LEVEL = 0;
				GCC_PREPROCESSOR_DEFINITIONS = (
					"DEBUG=1",
					"$(inherited)",
				);
				GCC_WARN_64_TO_32_BIT_CONVERSION = YES;
				GCC_WARN_ABOUT_RETURN_TYPE = YES_ERROR;
				GCC_WARN_UNDECLARED_SELECTOR = YES;
				GCC_WARN_UNINITIALIZED_AUTOS = YES_AGGRESSIVE;
				GCC_WARN_UNUSED_FUNCTION = YES;
				GCC_WARN_UNUSED_VARIABLE = YES;
				IPHONEOS_DEPLOYMENT_TARGET = 12.2;
				MTL_ENABLE_DEBUG_INFO = INCLUDE_SOURCE;
				MTL_FAST_MATH = YES;
				ONLY_ACTIVE_ARCH = YES;
				SDKROOT = iphoneos;
				SWIFT_ACTIVE_COMPILATION_CONDITIONS = DEBUG;
				SWIFT_OPTIMIZATION_LEVEL = "-Onone";
			};
			name = Debug;
		};
		EC940F4F22E9A13100A3C54C /* Release */ = {
			isa = XCBuildConfiguration;
			buildSettings = {
				ALWAYS_SEARCH_USER_PATHS = NO;
				CLANG_ANALYZER_NONNULL = YES;
				CLANG_ANALYZER_NUMBER_OBJECT_CONVERSION = YES_AGGRESSIVE;
				CLANG_CXX_LANGUAGE_STANDARD = "gnu++14";
				CLANG_CXX_LIBRARY = "libc++";
				CLANG_ENABLE_MODULES = YES;
				CLANG_ENABLE_OBJC_ARC = YES;
				CLANG_ENABLE_OBJC_WEAK = YES;
				CLANG_WARN_BLOCK_CAPTURE_AUTORELEASING = YES;
				CLANG_WARN_BOOL_CONVERSION = YES;
				CLANG_WARN_COMMA = YES;
				CLANG_WARN_CONSTANT_CONVERSION = YES;
				CLANG_WARN_DEPRECATED_OBJC_IMPLEMENTATIONS = YES;
				CLANG_WARN_DIRECT_OBJC_ISA_USAGE = YES_ERROR;
				CLANG_WARN_DOCUMENTATION_COMMENTS = YES;
				CLANG_WARN_EMPTY_BODY = YES;
				CLANG_WARN_ENUM_CONVERSION = YES;
				CLANG_WARN_INFINITE_RECURSION = YES;
				CLANG_WARN_INT_CONVERSION = YES;
				CLANG_WARN_NON_LITERAL_NULL_CONVERSION = YES;
				CLANG_WARN_OBJC_IMPLICIT_RETAIN_SELF = YES;
				CLANG_WARN_OBJC_LITERAL_CONVERSION = YES;
				CLANG_WARN_OBJC_ROOT_CLASS = YES_ERROR;
				CLANG_WARN_RANGE_LOOP_ANALYSIS = YES;
				CLANG_WARN_STRICT_PROTOTYPES = YES;
				CLANG_WARN_SUSPICIOUS_MOVE = YES;
				CLANG_WARN_UNGUARDED_AVAILABILITY = YES_AGGRESSIVE;
				CLANG_WARN_UNREACHABLE_CODE = YES;
				CLANG_WARN__DUPLICATE_METHOD_MATCH = YES;
				CODE_SIGN_IDENTITY = "iPhone Developer";
				COPY_PHASE_STRIP = NO;
				DEBUG_INFORMATION_FORMAT = "dwarf-with-dsym";
				ENABLE_NS_ASSERTIONS = NO;
				ENABLE_STRICT_OBJC_MSGSEND = YES;
				GCC_C_LANGUAGE_STANDARD = gnu11;
				GCC_NO_COMMON_BLOCKS = YES;
				GCC_WARN_64_TO_32_BIT_CONVERSION = YES;
				GCC_WARN_ABOUT_RETURN_TYPE = YES_ERROR;
				GCC_WARN_UNDECLARED_SELECTOR = YES;
				GCC_WARN_UNINITIALIZED_AUTOS = YES_AGGRESSIVE;
				GCC_WARN_UNUSED_FUNCTION = YES;
				GCC_WARN_UNUSED_VARIABLE = YES;
				IPHONEOS_DEPLOYMENT_TARGET = 12.2;
				MTL_ENABLE_DEBUG_INFO = NO;
				MTL_FAST_MATH = YES;
				SDKROOT = iphoneos;
				SWIFT_COMPILATION_MODE = wholemodule;
				SWIFT_OPTIMIZATION_LEVEL = "-O";
				VALIDATE_PRODUCT = YES;
			};
			name = Release;
		};
		EC940F5122E9A13100A3C54C /* Debug */ = {
			isa = XCBuildConfiguration;
			buildSettings = {
				ASSETCATALOG_COMPILER_APPICON_NAME = AppIcon;
				CODE_SIGN_STYLE = Automatic;
				INFOPLIST_FILE = Locationapp/Info.plist;
				LD_RUNPATH_SEARCH_PATHS = (
					"$(inherited)",
					"@executable_path/Frameworks",
				);
				PRODUCT_BUNDLE_IDENTIFIER = testApp.Locationapp;
				PRODUCT_NAME = "$(TARGET_NAME)";
				SWIFT_VERSION = 5.0;
				TARGETED_DEVICE_FAMILY = "1,2";
			};
			name = Debug;
		};
		EC940F5222E9A13100A3C54C /* Release */ = {
			isa = XCBuildConfiguration;
			buildSettings = {
				ASSETCATALOG_COMPILER_APPICON_NAME = AppIcon;
				CODE_SIGN_STYLE = Automatic;
				INFOPLIST_FILE = Locationapp/Info.plist;
				LD_RUNPATH_SEARCH_PATHS = (
					"$(inherited)",
					"@executable_path/Frameworks",
				);
				PRODUCT_BUNDLE_IDENTIFIER = testApp.Locationapp;
				PRODUCT_NAME = "$(TARGET_NAME)";
				SWIFT_VERSION = 5.0;
				TARGETED_DEVICE_FAMILY = "1,2";
			};
			name = Release;
		};
/* End XCBuildConfiguration section */

/* Begin XCConfigurationList section */
		EC940F3922E9A13000A3C54C /* Build configuration list for PBXProject "Locationapp" */ = {
			isa = XCConfigurationList;
			buildConfigurations = (
				EC940F4E22E9A13100A3C54C /* Debug */,
				EC940F4F22E9A13100A3C54C /* Release */,
			);
			defaultConfigurationIsVisible = 0;
			defaultConfigurationName = Release;
		};
		EC940F5022E9A13100A3C54C /* Build configuration list for PBXNativeTarget "Locationapp" */ = {
			isa = XCConfigurationList;
			buildConfigurations = (
				EC940F5122E9A13100A3C54C /* Debug */,
				EC940F5222E9A13100A3C54C /* Release */,
			);
			defaultConfigurationIsVisible = 0;
			defaultConfigurationName = Release;
		};
/* End XCConfigurationList section */
	};
	rootObject = EC940F3622E9A13000A3C54C /* Project object */;
}
