// !$*UTF8*$!
{
	archiveVersion = 1;
	classes = {
	};
	objectVersion = 50;
	objects = {

/* Begin PBXBuildFile section */
		ECABBA59230BA9F900023CE6 /* AppDelegate.swift in Sources */ = {isa = PBXBuildFile; fileRef = ECABBA58230BA9F900023CE6 /* AppDelegate.swift */; };
		ECABBA5B230BA9F900023CE6 /* ViewController.swift in Sources */ = {isa = PBXBuildFile; fileRef = ECABBA5A230BA9F900023CE6 /* ViewController.swift */; };
		ECABBA5E230BA9F900023CE6 /* Main.storyboard in Resources */ = {isa = PBXBuildFile; fileRef = ECABBA5C230BA9F900023CE6 /* Main.storyboard */; };
		ECABBA61230BA9F900023CE6 /* CoreDataTest.xcdatamodeld in Sources */ = {isa = PBXBuildFile; fileRef = ECABBA5F230BA9F900023CE6 /* CoreDataTest.xcdatamodeld */; };
		ECABBA63230BA9FB00023CE6 /* Assets.xcassets in Resources */ = {isa = PBXBuildFile; fileRef = ECABBA62230BA9FB00023CE6 /* Assets.xcassets */; };
		ECABBA66230BA9FB00023CE6 /* LaunchScreen.storyboard in Resources */ = {isa = PBXBuildFile; fileRef = ECABBA64230BA9FB00023CE6 /* LaunchScreen.storyboard */; };
		ECABBA6E230BAC2300023CE6 /* ListTableViewCell.swift in Sources */ = {isa = PBXBuildFile; fileRef = ECABBA6D230BAC2300023CE6 /* ListTableViewCell.swift */; };
		ECABBA70230BAC4200023CE6 /* ListViewController.swift in Sources */ = {isa = PBXBuildFile; fileRef = ECABBA6F230BAC4200023CE6 /* ListViewController.swift */; };
		ECABBA73230BAD7200023CE6 /* CoreData.framework in Frameworks */ = {isa = PBXBuildFile; fileRef = ECABBA72230BAD7200023CE6 /* CoreData.framework */; };
		ECABBA7B230BB3B600023CE6 /* DataBaseHelper.swift in Sources */ = {isa = PBXBuildFile; fileRef = ECABBA7A230BB3B600023CE6 /* DataBaseHelper.swift */; };
/* End PBXBuildFile section */

/* Begin PBXFileReference section */
		ECABBA55230BA9F800023CE6 /* CoreDataTest.app */ = {isa = PBXFileReference; explicitFileType = wrapper.application; includeInIndex = 0; path = CoreDataTest.app; sourceTree = BUILT_PRODUCTS_DIR; };
		ECABBA58230BA9F900023CE6 /* AppDelegate.swift */ = {isa = PBXFileReference; lastKnownFileType = sourcecode.swift; path = AppDelegate.swift; sourceTree = "<group>"; };
		ECABBA5A230BA9F900023CE6 /* ViewController.swift */ = {isa = PBXFileReference; lastKnownFileType = sourcecode.swift; path = ViewController.swift; sourceTree = "<group>"; };
		ECABBA5D230BA9F900023CE6 /* Base */ = {isa = PBXFileReference; lastKnownFileType = file.storyboard; name = Base; path = Base.lproj/Main.storyboard; sourceTree = "<group>"; };
		ECABBA60230BA9F900023CE6 /* CoreDataTest.xcdatamodel */ = {isa = PBXFileReference; lastKnownFileType = wrapper.xcdatamodel; path = CoreDataTest.xcdatamodel; sourceTree = "<group>"; };
		ECABBA62230BA9FB00023CE6 /* Assets.xcassets */ = {isa = PBXFileReference; lastKnownFileType = folder.assetcatalog; path = Assets.xcassets; sourceTree = "<group>"; };
		ECABBA65230BA9FB00023CE6 /* Base */ = {isa = PBXFileReference; lastKnownFileType = file.storyboard; name = Base; path = Base.lproj/LaunchScreen.storyboard; sourceTree = "<group>"; };
		ECABBA67230BA9FB00023CE6 /* Info.plist */ = {isa = PBXFileReference; lastKnownFileType = text.plist.xml; path = Info.plist; sourceTree = "<group>"; };
		ECABBA6D230BAC2300023CE6 /* ListTableViewCell.swift */ = {isa = PBXFileReference; lastKnownFileType = sourcecode.swift; path = ListTableViewCell.swift; sourceTree = "<group>"; };
		ECABBA6F230BAC4200023CE6 /* ListViewController.swift */ = {isa = PBXFileReference; lastKnownFileType = sourcecode.swift; path = ListViewController.swift; sourceTree = "<group>"; };
		ECABBA72230BAD7200023CE6 /* CoreData.framework */ = {isa = PBXFileReference; lastKnownFileType = wrapper.framework; name = CoreData.framework; path = System/Library/Frameworks/CoreData.framework; sourceTree = SDKROOT; };
		ECABBA7A230BB3B600023CE6 /* DataBaseHelper.swift */ = {isa = PBXFileReference; lastKnownFileType = sourcecode.swift; path = DataBaseHelper.swift; sourceTree = "<group>"; };
/* End PBXFileReference section */

/* Begin PBXFrameworksBuildPhase section */
		ECABBA52230BA9F800023CE6 /* Frameworks */ = {
			isa = PBXFrameworksBuildPhase;
			buildActionMask = 2147483647;
			files = (
				ECABBA73230BAD7200023CE6 /* CoreData.framework in Frameworks */,
			);
			runOnlyForDeploymentPostprocessing = 0;
		};
/* End PBXFrameworksBuildPhase section */

/* Begin PBXGroup section */
		ECABBA4C230BA9F800023CE6 = {
			isa = PBXGroup;
			children = (
				ECABBA57230BA9F900023CE6 /* CoreDataTest */,
				ECABBA56230BA9F800023CE6 /* Products */,
				ECABBA71230BAD7200023CE6 /* Frameworks */,
			);
			sourceTree = "<group>";
		};
		ECABBA56230BA9F800023CE6 /* Products */ = {
			isa = PBXGroup;
			children = (
				ECABBA55230BA9F800023CE6 /* CoreDataTest.app */,
			);
			name = Products;
			sourceTree = "<group>";
		};
		ECABBA57230BA9F900023CE6 /* CoreDataTest */ = {
			isa = PBXGroup;
			children = (
				ECABBA58230BA9F900023CE6 /* AppDelegate.swift */,
				ECABBA5A230BA9F900023CE6 /* ViewController.swift */,
				ECABBA6D230BAC2300023CE6 /* ListTableViewCell.swift */,
				ECABBA6F230BAC4200023CE6 /* ListViewController.swift */,
				ECABBA7A230BB3B600023CE6 /* DataBaseHelper.swift */,
				ECABBA5C230BA9F900023CE6 /* Main.storyboard */,
				ECABBA62230BA9FB00023CE6 /* Assets.xcassets */,
				ECABBA64230BA9FB00023CE6 /* LaunchScreen.storyboard */,
				ECABBA67230BA9FB00023CE6 /* Info.plist */,
				ECABBA5F230BA9F900023CE6 /* CoreDataTest.xcdatamodeld */,
			);
			path = CoreDataTest;
			sourceTree = "<group>";
		};
		ECABBA71230BAD7200023CE6 /* Frameworks */ = {
			isa = PBXGroup;
			children = (
				ECABBA72230BAD7200023CE6 /* CoreData.framework */,
			);
			name = Frameworks;
			sourceTree = "<group>";
		};
/* End PBXGroup section */

/* Begin PBXNativeTarget section */
		ECABBA54230BA9F800023CE6 /* CoreDataTest */ = {
			isa = PBXNativeTarget;
			buildConfigurationList = ECABBA6A230BA9FB00023CE6 /* Build configuration list for PBXNativeTarget "CoreDataTest" */;
			buildPhases = (
				ECABBA51230BA9F800023CE6 /* Sources */,
				ECABBA52230BA9F800023CE6 /* Frameworks */,
				ECABBA53230BA9F800023CE6 /* Resources */,
			);
			buildRules = (
			);
			dependencies = (
			);
			name = CoreDataTest;
			productName = CoreDataTest;
			productReference = ECABBA55230BA9F800023CE6 /* CoreDataTest.app */;
			productType = "com.apple.product-type.application";
		};
/* End PBXNativeTarget section */

/* Begin PBXProject section */
		ECABBA4D230BA9F800023CE6 /* Project object */ = {
			isa = PBXProject;
			attributes = {
				LastSwiftUpdateCheck = 1020;
				LastUpgradeCheck = 1020;
				ORGANIZATIONNAME = trainee;
				TargetAttributes = {
					ECABBA54230BA9F800023CE6 = {
						CreatedOnToolsVersion = 10.2;
					};
				};
			};
			buildConfigurationList = ECABBA50230BA9F800023CE6 /* Build configuration list for PBXProject "CoreDataTest" */;
			compatibilityVersion = "Xcode 9.3";
			developmentRegion = en;
			hasScannedForEncodings = 0;
			knownRegions = (
				en,
				Base,
			);
			mainGroup = ECABBA4C230BA9F800023CE6;
			productRefGroup = ECABBA56230BA9F800023CE6 /* Products */;
			projectDirPath = "";
			projectRoot = "";
			targets = (
				ECABBA54230BA9F800023CE6 /* CoreDataTest */,
			);
		};
/* End PBXProject section */

/* Begin PBXResourcesBuildPhase section */
		ECABBA53230BA9F800023CE6 /* Resources */ = {
			isa = PBXResourcesBuildPhase;
			buildActionMask = 2147483647;
			files = (
				ECABBA66230BA9FB00023CE6 /* LaunchScreen.storyboard in Resources */,
				ECABBA63230BA9FB00023CE6 /* Assets.xcassets in Resources */,
				ECABBA5E230BA9F900023CE6 /* Main.storyboard in Resources */,
			);
			runOnlyForDeploymentPostprocessing = 0;
		};
/* End PBXResourcesBuildPhase section */

/* Begin PBXSourcesBuildPhase section */
		ECABBA51230BA9F800023CE6 /* Sources */ = {
			isa = PBXSourcesBuildPhase;
			buildActionMask = 2147483647;
			files = (
				ECABBA5B230BA9F900023CE6 /* ViewController.swift in Sources */,
				ECABBA6E230BAC2300023CE6 /* ListTableViewCell.swift in Sources */,
				ECABBA7B230BB3B600023CE6 /* DataBaseHelper.swift in Sources */,
				ECABBA61230BA9F900023CE6 /* CoreDataTest.xcdatamodeld in Sources */,
				ECABBA70230BAC4200023CE6 /* ListViewController.swift in Sources */,
				ECABBA59230BA9F900023CE6 /* AppDelegate.swift in Sources */,
			);
			runOnlyForDeploymentPostprocessing = 0;
		};
/* End PBXSourcesBuildPhase section */

/* Begin PBXVariantGroup section */
		ECABBA5C230BA9F900023CE6 /* Main.storyboard */ = {
			isa = PBXVariantGroup;
			children = (
				ECABBA5D230BA9F900023CE6 /* Base */,
			);
			name = Main.storyboard;
			sourceTree = "<group>";
		};
		ECABBA64230BA9FB00023CE6 /* LaunchScreen.storyboard */ = {
			isa = PBXVariantGroup;
			children = (
				ECABBA65230BA9FB00023CE6 /* Base */,
			);
			name = LaunchScreen.storyboard;
			sourceTree = "<group>";
		};
/* End PBXVariantGroup section */

/* Begin XCBuildConfiguration section */
		ECABBA68230BA9FB00023CE6 /* Debug */ = {
			isa = XCBuildConfiguration;
			buildSettings = {
				ALWAYS_SEARCH_USER_PATHS = NO;
				CLANG_ANALYZER_NONNULL = YES;
				CLANG_ANALYZER_NUMBER_OBJECT_CONVERSION = YES_AGGRESSIVE;
				CLANG_CXX_LANGUAGE_STANDARD = "gnu++14";
				CLANG_CXX_LIBRARY = "libc++";
				CLANG_ENABLE_MODULES = YES;
				CLANG_ENABLE_OBJC_ARC = YES;
				CLANG_ENABLE_OBJC_WEAK = YES;
				CLANG_WARN_BLOCK_CAPTURE_AUTORELEASING = YES;
				CLANG_WARN_BOOL_CONVERSION = YES;
				CLANG_WARN_COMMA = YES;
				CLANG_WARN_CONSTANT_CONVERSION = YES;
				CLANG_WARN_DEPRECATED_OBJC_IMPLEMENTATIONS = YES;
				CLANG_WARN_DIRECT_OBJC_ISA_USAGE = YES_ERROR;
				CLANG_WARN_DOCUMENTATION_COMMENTS = YES;
				CLANG_WARN_EMPTY_BODY = YES;
				CLANG_WARN_ENUM_CONVERSION = YES;
				CLANG_WARN_INFINITE_RECURSION = YES;
				CLANG_WARN_INT_CONVERSION = YES;
				CLANG_WARN_NON_LITERAL_NULL_CONVERSION = YES;
				CLANG_WARN_OBJC_IMPLICIT_RETAIN_SELF = YES;
				CLANG_WARN_OBJC_LITERAL_CONVERSION = YES;
				CLANG_WARN_OBJC_ROOT_CLASS = YES_ERROR;
				CLANG_WARN_RANGE_LOOP_ANALYSIS = YES;
				CLANG_WARN_STRICT_PROTOTYPES = YES;
				CLANG_WARN_SUSPICIOUS_MOVE = YES;
				CLANG_WARN_UNGUARDED_AVAILABILITY = YES_AGGRESSIVE;
				CLANG_WARN_UNREACHABLE_CODE = YES;
				CLANG_WARN__DUPLICATE_METHOD_MATCH = YES;
				CODE_SIGN_IDENTITY = "iPhone Developer";
				COPY_PHASE_STRIP = NO;
				DEBUG_INFORMATION_FORMAT = dwarf;
				ENABLE_STRICT_OBJC_MSGSEND = YES;
				ENABLE_TESTABILITY = YES;
				GCC_C_LANGUAGE_STANDARD = gnu11;
				GCC_DYNAMIC_NO_PIC = NO;
				GCC_NO_COMMON_BLOCKS = YES;
				GCC_OPTIMIZATION_LEVEL = 0;
				GCC_PREPROCESSOR_DEFINITIONS = (
					"DEBUG=1",
					"$(inherited)",
				);
				GCC_WARN_64_TO_32_BIT_CONVERSION = YES;
				GCC_WARN_ABOUT_RETURN_TYPE = YES_ERROR;
				GCC_WARN_UNDECLARED_SELECTOR = YES;
				GCC_WARN_UNINITIALIZED_AUTOS = YES_AGGRESSIVE;
				GCC_WARN_UNUSED_FUNCTION = YES;
				GCC_WARN_UNUSED_VARIABLE = YES;
				IPHONEOS_DEPLOYMENT_TARGET = 12.2;
				MTL_ENABLE_DEBUG_INFO = INCLUDE_SOURCE;
				MTL_FAST_MATH = YES;
				ONLY_ACTIVE_ARCH = YES;
				SDKROOT = iphoneos;
				SWIFT_ACTIVE_COMPILATION_CONDITIONS = DEBUG;
				SWIFT_OPTIMIZATION_LEVEL = "-Onone";
			};
			name = Debug;
		};
		ECABBA69230BA9FB00023CE6 /* Release */ = {
			isa = XCBuildConfiguration;
			buildSettings = {
				ALWAYS_SEARCH_USER_PATHS = NO;
				CLANG_ANALYZER_NONNULL = YES;
				CLANG_ANALYZER_NUMBER_OBJECT_CONVERSION = YES_AGGRESSIVE;
				CLANG_CXX_LANGUAGE_STANDARD = "gnu++14";
				CLANG_CXX_LIBRARY = "libc++";
				CLANG_ENABLE_MODULES = YES;
				CLANG_ENABLE_OBJC_ARC = YES;
				CLANG_ENABLE_OBJC_WEAK = YES;
				CLANG_WARN_BLOCK_CAPTURE_AUTORELEASING = YES;
				CLANG_WARN_BOOL_CONVERSION = YES;
				CLANG_WARN_COMMA = YES;
				CLANG_WARN_CONSTANT_CONVERSION = YES;
				CLANG_WARN_DEPRECATED_OBJC_IMPLEMENTATIONS = YES;
				CLANG_WARN_DIRECT_OBJC_ISA_USAGE = YES_ERROR;
				CLANG_WARN_DOCUMENTATION_COMMENTS = YES;
				CLANG_WARN_EMPTY_BODY = YES;
				CLANG_WARN_ENUM_CONVERSION = YES;
				CLANG_WARN_INFINITE_RECURSION = YES;
				CLANG_WARN_INT_CONVERSION = YES;
				CLANG_WARN_NON_LITERAL_NULL_CONVERSION = YES;
				CLANG_WARN_OBJC_IMPLICIT_RETAIN_SELF = YES;
				CLANG_WARN_OBJC_LITERAL_CONVERSION = YES;
				CLANG_WARN_OBJC_ROOT_CLASS = YES_ERROR;
				CLANG_WARN_RANGE_LOOP_ANALYSIS = YES;
				CLANG_WARN_STRICT_PROTOTYPES = YES;
				CLANG_WARN_SUSPICIOUS_MOVE = YES;
				CLANG_WARN_UNGUARDED_AVAILABILITY = YES_AGGRESSIVE;
				CLANG_WARN_UNREACHABLE_CODE = YES;
				CLANG_WARN__DUPLICATE_METHOD_MATCH = YES;
				CODE_SIGN_IDENTITY = "iPhone Developer";
				COPY_PHASE_STRIP = NO;
				DEBUG_INFORMATION_FORMAT = "dwarf-with-dsym";
				ENABLE_NS_ASSERTIONS = NO;
				ENABLE_STRICT_OBJC_MSGSEND = YES;
				GCC_C_LANGUAGE_STANDARD = gnu11;
				GCC_NO_COMMON_BLOCKS = YES;
				GCC_WARN_64_TO_32_BIT_CONVERSION = YES;
				GCC_WARN_ABOUT_RETURN_TYPE = YES_ERROR;
				GCC_WARN_UNDECLARED_SELECTOR = YES;
				GCC_WARN_UNINITIALIZED_AUTOS = YES_AGGRESSIVE;
				GCC_WARN_UNUSED_FUNCTION = YES;
				GCC_WARN_UNUSED_VARIABLE = YES;
				IPHONEOS_DEPLOYMENT_TARGET = 12.2;
				MTL_ENABLE_DEBUG_INFO = NO;
				MTL_FAST_MATH = YES;
				SDKROOT = iphoneos;
				SWIFT_COMPILATION_MODE = wholemodule;
				SWIFT_OPTIMIZATION_LEVEL = "-O";
				VALIDATE_PRODUCT = YES;
			};
			name = Release;
		};
		ECABBA6B230BA9FB00023CE6 /* Debug */ = {
			isa = XCBuildConfiguration;
			buildSettings = {
				ASSETCATALOG_COMPILER_APPICON_NAME = AppIcon;
				CODE_SIGN_STYLE = Automatic;
				INFOPLIST_FILE = CoreDataTest/Info.plist;
				LD_RUNPATH_SEARCH_PATHS = (
					"$(inherited)",
					"@executable_path/Frameworks",
				);
				PRODUCT_BUNDLE_IDENTIFIER = testApp.CoreDataTest;
				PRODUCT_NAME = "$(TARGET_NAME)";
				SWIFT_VERSION = 5.0;
				TARGETED_DEVICE_FAMILY = "1,2";
			};
			name = Debug;
		};
		ECABBA6C230BA9FB00023CE6 /* Release */ = {
			isa = XCBuildConfiguration;
			buildSettings = {
				ASSETCATALOG_COMPILER_APPICON_NAME = AppIcon;
				CODE_SIGN_STYLE = Automatic;
				INFOPLIST_FILE = CoreDataTest/Info.plist;
				LD_RUNPATH_SEARCH_PATHS = (
					"$(inherited)",
					"@executable_path/Frameworks",
				);
				PRODUCT_BUNDLE_IDENTIFIER = testApp.CoreDataTest;
				PRODUCT_NAME = "$(TARGET_NAME)";
				SWIFT_VERSION = 5.0;
				TARGETED_DEVICE_FAMILY = "1,2";
			};
			name = Release;
		};
/* End XCBuildConfiguration section */

/* Begin XCConfigurationList section */
		ECABBA50230BA9F800023CE6 /* Build configuration list for PBXProject "CoreDataTest" */ = {
			isa = XCConfigurationList;
			buildConfigurations = (
				ECABBA68230BA9FB00023CE6 /* Debug */,
				ECABBA69230BA9FB00023CE6 /* Release */,
			);
			defaultConfigurationIsVisible = 0;
			defaultConfigurationName = Release;
		};
		ECABBA6A230BA9FB00023CE6 /* Build configuration list for PBXNativeTarget "CoreDataTest" */ = {
			isa = XCConfigurationList;
			buildConfigurations = (
				ECABBA6B230BA9FB00023CE6 /* Debug */,
				ECABBA6C230BA9FB00023CE6 /* Release */,
			);
			defaultConfigurationIsVisible = 0;
			defaultConfigurationName = Release;
		};
/* End XCConfigurationList section */

/* Begin XCVersionGroup section */
		ECABBA5F230BA9F900023CE6 /* CoreDataTest.xcdatamodeld */ = {
			isa = XCVersionGroup;
			children = (
				ECABBA60230BA9F900023CE6 /* CoreDataTest.xcdatamodel */,
			);
			currentVersion = ECABBA60230BA9F900023CE6 /* CoreDataTest.xcdatamodel */;
			path = CoreDataTest.xcdatamodeld;
			sourceTree = "<group>";
			versionGroupType = wrapper.xcdatamodel;
		};
/* End XCVersionGroup section */
	};
	rootObject = ECABBA4D230BA9F800023CE6 /* Project object */;
}
