PODS:
  - TextFieldEffects (1.6.0)

DEPENDENCIES:
  - TextFieldEffects

SPEC REPOS:
  https://github.com/cocoapods/specs.git:
    - TextFieldEffects

SPEC CHECKSUMS:
  TextFieldEffects: 529b8aff706fb40f82c41c780c0777941a893796

PODFILE CHECKSUM: 26276e4267ba9da2cce65929060506799482e9c5

COCOAPODS: 1.7.5
